// !$*UTF8*$!
{
	archiveVersion = 1;
	classes = {
	};
	objectVersion = 46;
	objects = {

/* Begin PBXBuildFile section */
		018F83EF59886AEF7DF4D889 /* MPBadgeService.framework in Frameworks */ = {isa = PBXBuildFile; fileRef = AB318F75F0D75B2D5CA99BB7 /* MPBadgeService.framework */; };
		0257809FF6D9F4967D2621EE /* AudioToolBox.framework in Frameworks */ = {isa = PBXBuildFile; fileRef = 0DBEA047C998B69FAE75E181 /* AudioToolBox.framework */; };
		028C5B55DA0F0248FFF482A6 /* APMobileNetwork.bundle in Resources */ = {isa = PBXBuildFile; fileRef = 3A083014F9CEAC24F1ECAE0F /* APMobileNetwork.bundle */; };
		044C91795A3CD4291F420689 /* MPNebulaAdapter.bundle in Resources */ = {isa = PBXBuildFile; fileRef = C6474E68C04A86F0E6B45971 /* MPNebulaAdapter.bundle */; };
		0765EE7FD3ED544770CA1513 /* NebulaKernel.bundle in Resources */ = {isa = PBXBuildFile; fileRef = 0F74AEA43BC13721BB641B9A /* NebulaKernel.bundle */; };
		0C9D8C8045C3C39ED97EB0EB /* NebulaBiz.bundle in Resources */ = {isa = PBXBuildFile; fileRef = B8A00E1B91673DAAE2650F62 /* NebulaBiz.bundle */; };
		0EF806480421D3F645F9F909 /* MASSProxy.framework in Frameworks */ = {isa = PBXBuildFile; fileRef = 9EB47EDD175D2AB0D0059F4F /* MASSProxy.framework */; };
		13907AE783D38DDC7A3C2C8F /* NebulaConfig.framework in Frameworks */ = {isa = PBXBuildFile; fileRef = 887BA03A7E7B6D008662C2B5 /* NebulaConfig.framework */; };
		1392EBA87EF692B836301F7A /* MapKit.framework in Frameworks */ = {isa = PBXBuildFile; fileRef = EF34D6426F851F3AF00D632E /* MapKit.framework */; };
		140124093776993A56AE5666 /* NebulaKernel.framework in Frameworks */ = {isa = PBXBuildFile; fileRef = FFA0A8EE9DB9C53BF24D8F05 /* NebulaKernel.framework */; };
		18654D8B34CF1D06F57E9BF3 /* MPLauncherAppDelegate.m in Sources */ = {isa = PBXBuildFile; fileRef = 68A1FF7B847A88F7E838FE38 /* MPLauncherAppDelegate.m */; };
		18A9704C967A9A93FED13C38 /* UserNotifications.framework in Frameworks */ = {isa = PBXBuildFile; fileRef = 2BBDD83BD7C3BF682C5F10F8 /* UserNotifications.framework */; };
		1A99F9E1A2AFBAB10BDCF922 /* AVFoundation.framework in Frameworks */ = {isa = PBXBuildFile; fileRef = E4F757F2D8CB0B9D2FFF2AA1 /* AVFoundation.framework */; };
		1F24C7598DE78836452CFC49 /* NebulaNetwork.framework in Frameworks */ = {isa = PBXBuildFile; fileRef = 7A1EAC8B26ECDA32A8EE03DC /* NebulaNetwork.framework */; };
		27D05997A1828ED409D6ACB4 /* SGMain.framework in Frameworks */ = {isa = PBXBuildFile; fileRef = 76FC0BF6A93FD1DE0F87BBA5 /* SGMain.framework */; };
		282762F8608067C9EDE3FD7A /* NebulaSDK.bundle in Resources */ = {isa = PBXBuildFile; fileRef = 82D2AF0CE2DAD88E19C97832 /* NebulaSDK.bundle */; };
		29F869552ABB45CDF20AB295 /* UTDID.framework in Frameworks */ = {isa = PBXBuildFile; fileRef = C043F33483EDE9E6ABC3EEFC /* UTDID.framework */; };
		2FEB0680BAE8EC01D66B90B2 /* APMobileNetwork.framework in Frameworks */ = {isa = PBXBuildFile; fileRef = F2BE0E1046F23EE730DCC8CD /* APMobileNetwork.framework */; };
		3106BA6E0C88AB31C1C13FB8 /* NebulaLogging.framework in Frameworks */ = {isa = PBXBuildFile; fileRef = 7ED658FB4D4D957234EC5CC1 /* NebulaLogging.framework */; };
		324DBF56ED178F2B144BB5A9 /* APConfig.framework in Frameworks */ = {isa = PBXBuildFile; fileRef = 8FF6AF451BB8063AAF9652B5 /* APConfig.framework */; };
		33AA2D8F2E071ABA8496731E /* SocketRocket.framework in Frameworks */ = {isa = PBXBuildFile; fileRef = 08CC1229E553E528EE2A1ABF /* SocketRocket.framework */; };
		34BB5B1A78539D463A730F92 /* NebulaTinyapp.bundle in Resources */ = {isa = PBXBuildFile; fileRef = 723338F53E38F4410815FDF4 /* NebulaTinyapp.bundle */; };
		3F30BC06DA07EE357C8CEABB /* MPMasAdapter.framework in Frameworks */ = {isa = PBXBuildFile; fileRef = C83F6A4EDAAA40F44AB2F2CA /* MPMasAdapter.framework */; };
		40A5A033BCD63FAF583F781B /* WebKit.framework in Frameworks */ = {isa = PBXBuildFile; fileRef = 914DBEC393F41CF484ED4FEF /* WebKit.framework */; };
		43E30E15DE8E15C162F07300 /* JavaScriptCore.framework in Frameworks */ = {isa = PBXBuildFile; fileRef = CA5F5928233F3CF7573674D6 /* JavaScriptCore.framework */; };
		4440C9F423016D1000A0A9D6 /* MPOthersViewController.m in Sources */ = {isa = PBXBuildFile; fileRef = 4440C9F323016D1000A0A9D6 /* MPOthersViewController.m */; };
		4440C9FF23018C6300A0A9D6 /* MPPlugin4WebView.m in Sources */ = {isa = PBXBuildFile; fileRef = 4440C9FE23018C6300A0A9D6 /* MPPlugin4WebView.m */; };
		4440CA0223026E7800A0A9D6 /* MPNebulaViewController.m in Sources */ = {isa = PBXBuildFile; fileRef = 4440CA0123026E7800A0A9D6 /* MPNebulaViewController.m */; };
		444A2F13226D71F500A2C739 /* MPNavigatorScrollVC.m in Sources */ = {isa = PBXBuildFile; fileRef = 444A2F12226D71F500A2C739 /* MPNavigatorScrollVC.m */; };
		444A2F23226DBA8800A2C739 /* MPPlugin4TitleView.m in Sources */ = {isa = PBXBuildFile; fileRef = 444A2F22226DBA8800A2C739 /* MPPlugin4TitleView.m */; };
		444A2F26226EFC6C00A2C739 /* MPJsApiHandler4SetDoubleTitle.m in Sources */ = {isa = PBXBuildFile; fileRef = 444A2F25226EFC6C00A2C739 /* MPJsApiHandler4SetDoubleTitle.m */; };
		4461BA3F224C8923004F739C /* MPH5WebViewController.m in Sources */ = {isa = PBXBuildFile; fileRef = 4461BA37224C8923004F739C /* MPH5WebViewController.m */; };
		4461BA40224C8923004F739C /* MPJsApiHandler4OpenSms.m in Sources */ = {isa = PBXBuildFile; fileRef = 4461BA39224C8923004F739C /* MPJsApiHandler4OpenSms.m */; };
		4461BA43224C8968004F739C /* H52Native.html in Resources */ = {isa = PBXBuildFile; fileRef = 4461BA42224C8967004F739C /* H52Native.html */; };
		4495907F23F14AF900F1F919 /* MPParamsViewController.m in Sources */ = {isa = PBXBuildFile; fileRef = 4495907E23F14AF900F1F919 /* MPParamsViewController.m */; };
		4498D53924F8E9CA0009A7C1 /* MPH5WKWebView.m in Sources */ = {isa = PBXBuildFile; fileRef = 4498D53724F8E9CA0009A7C1 /* MPH5WKWebView.m */; };
		449F079622524F0A00164D1F /* MPTabBarController.m in Sources */ = {isa = PBXBuildFile; fileRef = 449F079422524F0A00164D1F /* MPTabBarController.m */; };
		44AA23A722BB7AC2000D06E5 /* DemoCustomPresetApps.bundle in Resources */ = {isa = PBXBuildFile; fileRef = 44AA23A522BB7AC2000D06E5 /* DemoCustomPresetApps.bundle */; };
		44AA23A822BB7AC2000D06E5 /* DemoCustomPlugins.bundle in Resources */ = {isa = PBXBuildFile; fileRef = 44AA23A622BB7AC2000D06E5 /* DemoCustomPlugins.bundle */; };
		44BF2AEEEB1855C05094E5DE /* mPaas.framework in Frameworks */ = {isa = PBXBuildFile; fileRef = 7063A8D8B645E82A0F338DEF /* mPaas.framework */; };
		44D889A5226D714C00ED686D /* MPNavigatorDemoVC.m in Sources */ = {isa = PBXBuildFile; fileRef = 44D889A4226D714C00ED686D /* MPNavigatorDemoVC.m */; };
		45A8069D49C8AD653C639A81 /* DTFrameworkInterface+MPH5Demo_plugin.m in Sources */ = {isa = PBXBuildFile; fileRef = 8683C16680FAE6492C8120E4 /* DTFrameworkInterface+MPH5Demo_plugin.m */; };
		498E8C7ACA456B4AE92538A7 /* APRemoteLogging.framework in Frameworks */ = {isa = PBXBuildFile; fileRef = EC1D79DE15168C709C069538 /* APRemoteLogging.framework */; };
		4F1E51220E05FA49EFAE556D /* MPMpaaSService.framework in Frameworks */ = {isa = PBXBuildFile; fileRef = 962BF7AAF0E4F7EAAB40136C /* MPMpaaSService.framework */; };
		4F81C3B38901E317941C285C /* APCommonUI.bundle in Resources */ = {isa = PBXBuildFile; fileRef = B4841FB23E549751BA3B3246 /* APCommonUI.bundle */; };
		5426E205F3591ED30906265B /* Nebula.framework in Frameworks */ = {isa = PBXBuildFile; fileRef = C6A511C90AB2E2C7E58F7C34 /* Nebula.framework */; };
		56801CA41F30B4618A45AE3A /* TTTAttributedLabel.framework in Frameworks */ = {isa = PBXBuildFile; fileRef = 2381EC56A6E61721426B4250 /* TTTAttributedLabel.framework */; };
		57BB6585346372A62140EA4D /* SystemConfiguration.framework in Frameworks */ = {isa = PBXBuildFile; fileRef = 24AC36C693133D85C99D598E /* SystemConfiguration.framework */; };
		57E401282E15E374018D3878 /* APRemoteLogging.bundle in Resources */ = {isa = PBXBuildFile; fileRef = 4669D36A86E476339CE4CFA3 /* APRemoteLogging.bundle */; };
		5E305046C491862EB2129267 /* APCrashReporter.framework in Frameworks */ = {isa = PBXBuildFile; fileRef = A70267F1FE32220C22E9BFA2 /* APCrashReporter.framework */; };
		63590591C073A398E2A9BA17 /* NebulamPaaSBiz.framework in Frameworks */ = {isa = PBXBuildFile; fileRef = 63033BAB9FAF005152B5CC47 /* NebulamPaaSBiz.framework */; };
		63E5825C5756892DA3FD9F55 /* AntUI.framework in Frameworks */ = {isa = PBXBuildFile; fileRef = 106BAC18F81B1A46C3D6B13D /* AntUI.framework */; };
		6BCC58200D1446F36168E531 /* MPMssAdapter.framework in Frameworks */ = {isa = PBXBuildFile; fileRef = 0361256A730AD39726488C55 /* MPMssAdapter.framework */; };
		6CCC0AE80C8A3027B18AE567 /* meta.config in Resources */ = {isa = PBXBuildFile; fileRef = 757311D4FE15BD0E373A9627 /* meta.config */; };
		6D72B5E4486E8A8FAF50C5DB /* Accelerate.framework in Frameworks */ = {isa = PBXBuildFile; fileRef = 0474B1040F32C1581784F97A /* Accelerate.framework */; };
		701C4CA405BF83E8C6478DCB /* TianYan.framework in Frameworks */ = {isa = PBXBuildFile; fileRef = 587F30C370F57A8630C62A48 /* TianYan.framework */; };
		7A88CD801EC4D00C292C2666 /* MPDataCenter.framework in Frameworks */ = {isa = PBXBuildFile; fileRef = AF97401A21195EA6031E3248 /* MPDataCenter.framework */; };
		81AC4A5F0AB42FA242AEC43C /* MPBadgeService.bundle in Resources */ = {isa = PBXBuildFile; fileRef = F19A37974D15D9E072AD0209 /* MPBadgeService.bundle */; };
		83D2CDC86722BF2AC56BFD96 /* APMobileFramework.framework in Frameworks */ = {isa = PBXBuildFile; fileRef = 52527A06CD978AF8F6788285 /* APMobileFramework.framework */; };
		8FCC675C31EEC85CC5DA6E6F /* AntUIShellForMpass.framework in Frameworks */ = {isa = PBXBuildFile; fileRef = E5C5D6878D1E460ABCE03D8E /* AntUIShellForMpass.framework */; };
		91AE47E65BCE84A26FA1F923 /* yw_1222.jpg in Resources */ = {isa = PBXBuildFile; fileRef = 5B17A422CEEA29FAD125DA97 /* yw_1222.jpg */; };
		99F47F68298E75AE644186EE /* NebulaAppBiz.framework in Frameworks */ = {isa = PBXBuildFile; fileRef = B261ECBB5255774599A5F10C /* NebulaAppBiz.framework */; };
		9C2D6FF953BB6EEC854FE9AA /* NebulaSecurity.framework in Frameworks */ = {isa = PBXBuildFile; fileRef = A437E9939E48C3C45038008D /* NebulaSecurity.framework */; };
		9D68C8E97ADD10BE1B067568 /* MobileCoreServices.framework in Frameworks */ = {isa = PBXBuildFile; fileRef = A0E7165758EB763157EF41B8 /* MobileCoreServices.framework */; };
		9D6C7E243054AE20943E0C19 /* APMobileFramework.bundle in Resources */ = {isa = PBXBuildFile; fileRef = DE70389CD05FA268825605A8 /* APMobileFramework.bundle */; };
		A12F63977987A10930AEE455 /* NebulaTinyapp.framework in Frameworks */ = {isa = PBXBuildFile; fileRef = 55E15C013000B3F02DA64983 /* NebulaTinyapp.framework */; };
		A1B8AF7555A5D083B0E366C2 /* MobileRuntime.plist in Resources */ = {isa = PBXBuildFile; fileRef = DF5B42B95F08F29E6B78876F /* MobileRuntime.plist */; };
		A39818D40FCDB5DC831990D1 /* APLog.framework in Frameworks */ = {isa = PBXBuildFile; fileRef = 33C45601D4A0236DF60CDABE /* APLog.framework */; };
		ABFB8BE1389A2E011A2D4B1A /* NebulaSDK.framework in Frameworks */ = {isa = PBXBuildFile; fileRef = F79794980EC430817A5644A7 /* NebulaSDK.framework */; };
		AEA760041B51966DE2CE96A9 /* TinyAppCommon.framework in Frameworks */ = {isa = PBXBuildFile; fileRef = 9FC6D18C7BCE8ADEE455D106 /* TinyAppCommon.framework */; };
		AFC86AF2DF6240BED1BA991F /* NebulaAppManager.bundle in Resources */ = {isa = PBXBuildFile; fileRef = 6018EBADCCA70BE8BBCED7CB /* NebulaAppManager.bundle */; };
		B2B645DD07379B437AA02DF1 /* MPMgsAdapter.framework in Frameworks */ = {isa = PBXBuildFile; fileRef = EE7B173675ABCD71990C4C1F /* MPMgsAdapter.framework */; };
		B3A8F954346F0D6B1689C916 /* NebulaConfig.bundle in Resources */ = {isa = PBXBuildFile; fileRef = FB6C8736E3099EC5B350C993 /* NebulaConfig.bundle */; };
		B518E6501B0A329721EF0EA8 /* APLongLinkService.framework in Frameworks */ = {isa = PBXBuildFile; fileRef = 007EAFCCF5DCE94C1F6A7B3E /* APLongLinkService.framework */; };
		B85F4C36872779669B7C25B9 /* TinyAppCommon.bundle in Resources */ = {isa = PBXBuildFile; fileRef = 6016A2CC666D7C9EDBD0D62F /* TinyAppCommon.bundle */; };
		B9756D023C243A8AEC2934FA /* APOpenSSL.framework in Frameworks */ = {isa = PBXBuildFile; fileRef = FEA54ADEE6BF25B770BF0AB1 /* APOpenSSL.framework */; };
		BF9EDCB48E5EEED586E4C8F5 /* SecurityGuardSDK.framework in Frameworks */ = {isa = PBXBuildFile; fileRef = 446267F47EEA5372DB1BECE4 /* SecurityGuardSDK.framework */; };
		C041A109CB387D8E0114A18A /* NebulaPoseidon.bundle in Resources */ = {isa = PBXBuildFile; fileRef = 86C67C12FBA7A90B5A42BDEE /* NebulaPoseidon.bundle */; };
		C0A8DBDFC926566697DDB430 /* AUBarButtonItem+CGBBarButtonItem.m in Sources */ = {isa = PBXBuildFile; fileRef = 184F7A4A7B5E84440EF6FEB6 /* AUBarButtonItem+CGBBarButtonItem.m */; };
		C420012C0B5B6934708DA2A1 /* NebulaBiz.framework in Frameworks */ = {isa = PBXBuildFile; fileRef = 7EAB7C445B2D9AC518988CB1 /* NebulaBiz.framework */; };
		C80F5D1F96C4BBA6E0181C91 /* MPInternalPresetApps.bundle in Resources */ = {isa = PBXBuildFile; fileRef = 35475AD24757946DEB53F48C /* MPInternalPresetApps.bundle */; };
		C8B0D305B54E3A8FE2A4FA99 /* Foundation.framework in Frameworks */ = {isa = PBXBuildFile; fileRef = D3FF81D01F521623182E34C7 /* Foundation.framework */; };
		C8B711A59038D44E8ED9BA2E /* APCommonUI.framework in Frameworks */ = {isa = PBXBuildFile; fileRef = 72A4BD6358E4CE9DD7333A42 /* APCommonUI.framework */; };
		C90C9D63F880DFACCDA1DB4E /* SDWebImage.framework in Frameworks */ = {isa = PBXBuildFile; fileRef = 5103527C708E4DE3CEE8C303 /* SDWebImage.framework */; };
		C978E6DCF982CF7F33BECD52 /* Webkit.framework in Frameworks */ = {isa = PBXBuildFile; fileRef = 0077848F9F0FEEC93D9AF0A8 /* Webkit.framework */; };
		CE5DB0A0526B98A4D576265B /* MPPerformance.framework in Frameworks */ = {isa = PBXBuildFile; fileRef = 433DCA32AC24CAA53E64F37B /* MPPerformance.framework */; };
		DD595313EB36314DC6C42C0A /* MBProgressHUD.framework in Frameworks */ = {isa = PBXBuildFile; fileRef = 6E3A366AF922D7DD2ACCD441 /* MBProgressHUD.framework */; };
		E058A800B0E5531D0CFB5B36 /* MASSChannel.framework in Frameworks */ = {isa = PBXBuildFile; fileRef = 8038A13FAEC07C20838AC0B1 /* MASSChannel.framework */; };
		E0AA884B98ABF3CB64FB10C1 /* APSecurityUtility.framework in Frameworks */ = {isa = PBXBuildFile; fileRef = A496B919610CAC275141FDBB /* APSecurityUtility.framework */; };
		E1EE384F43AE1237D281FB80 /* CoreMotion.framework in Frameworks */ = {isa = PBXBuildFile; fileRef = 1D9744BE91AC3090FA06BA4B /* CoreMotion.framework */; };
		E29B5EFC394792D37F61EB81 /* NebulaHeader.framework in Frameworks */ = {isa = PBXBuildFile; fileRef = 89C621EFACFCC1BB16A1E17D /* NebulaHeader.framework */; };
		E394235840C2E8454E731197 /* CoreTelephony.framework in Frameworks */ = {isa = PBXBuildFile; fileRef = 783C03F380D3BCDF255A6AE9 /* CoreTelephony.framework */; };
		E43E7C6E21D1077E00D9E31A /* DemoViewController.m in Sources */ = {isa = PBXBuildFile; fileRef = E43E7C6D21D1077E00D9E31A /* DemoViewController.m */; };
		E43E7C7321D1077E00D9E31A /* Assets.xcassets in Resources */ = {isa = PBXBuildFile; fileRef = E43E7C7221D1077E00D9E31A /* Assets.xcassets */; };
		E43E7C7621D1077E00D9E31A /* LaunchScreen.storyboard in Resources */ = {isa = PBXBuildFile; fileRef = E43E7C7421D1077E00D9E31A /* LaunchScreen.storyboard */; };
		E43E7C7921D1077E00D9E31A /* main.m in Sources */ = {isa = PBXBuildFile; fileRef = E43E7C7821D1077E00D9E31A /* main.m */; };
		E6E26DC3695E30F8EC0E4386 /* NebulaLogging.bundle in Resources */ = {isa = PBXBuildFile; fileRef = 9D0BE9E465D677EB0802E7EC /* NebulaLogging.bundle */; };
		E86D74E5E2E7FF6BAA4D342E /* APProtocolBuffers.framework in Frameworks */ = {isa = PBXBuildFile; fileRef = BDF79E16FC60E045A3E51A7A /* APProtocolBuffers.framework */; };
		E89531C031FA8900C92E0909 /* MPInternalPlugins.bundle in Resources */ = {isa = PBXBuildFile; fileRef = CA4025A22495E1AB2002466E /* MPInternalPlugins.bundle */; };
		ECD4C36BF02DF4B280A3DCBA /* MPNebulaAdapter.framework in Frameworks */ = {isa = PBXBuildFile; fileRef = EDCF8ACEDF827C5931AD7504 /* MPNebulaAdapter.framework */; };
		EE29E63EDB6EE2CEB5024D53 /* NebulaPoseidon.framework in Frameworks */ = {isa = PBXBuildFile; fileRef = 0ACD7EA9036582DEF4B553F3 /* NebulaPoseidon.framework */; };
		F07501C1CE5DDC6834292AC1 /* MPaaSInterface+MPH5Demo_plugin.m in Sources */ = {isa = PBXBuildFile; fileRef = 8D4C7F68C6683EF9BE72ACBB /* MPaaSInterface+MPH5Demo_plugin.m */; };
		F54086ABEEAF46CB10CA4810 /* AutoTracker.framework in Frameworks */ = {isa = PBXBuildFile; fileRef = 71BF4E9EAB35F8AF71CC8523 /* AutoTracker.framework */; };
		F68AF3587D27FF8CD2C9AF35 /* AUThemeManager+CGBThemeManager.m in Sources */ = {isa = PBXBuildFile; fileRef = 68B55C39B4E48CAB68A28E8E /* AUThemeManager+CGBThemeManager.m */; };
		F8363FC59B91EF6CF07E2660 /* UIKit.framework in Frameworks */ = {isa = PBXBuildFile; fileRef = DE2F7B1EB764AB6CEE209A4F /* UIKit.framework */; };
		FC060BCB751851C9F6DDC4D6 /* MessageUI.framework in Frameworks */ = {isa = PBXBuildFile; fileRef = 34E30D4BA12B155BD3D65500 /* MessageUI.framework */; };
		FDC8EC547245D0ABE20D6016 /* NebulaAppManager.framework in Frameworks */ = {isa = PBXBuildFile; fileRef = ABE9D0B04D96170BA13E070F /* NebulaAppManager.framework */; };
		FDDBDA3AC655C11DCFA79A37 /* Masonry.framework in Frameworks */ = {isa = PBXBuildFile; fileRef = C4B84C7794CA3724C8F77E1C /* Masonry.framework */; };
/* End PBXBuildFile section */

/* Begin PBXFileReference section */
		0077848F9F0FEEC93D9AF0A8 /* Webkit.framework */ = {isa = PBXFileReference; lastKnownFileType = wrapper.framework; name = Webkit.framework; path = /Applications/Xcode.app/Contents/Developer/Platforms/iPhoneOS.platform/Developer/SDKs/iPhoneOS13.2.sdk/System/Library/Frameworks/Webkit.framework; sourceTree = SDKROOT; };
		007EAFCCF5DCE94C1F6A7B3E /* APLongLinkService.framework */ = {isa = PBXFileReference; lastKnownFileType = wrapper.framework; path = APLongLinkService.framework; sourceTree = "<group>"; };
		02C9AE6FF2A36EF0E6059796 /* MPLauncherAppDelegate.h */ = {isa = PBXFileReference; includeInIndex = 1; lastKnownFileType = sourcecode.c.h; path = MPLauncherAppDelegate.h; sourceTree = "<group>"; };
		0361256A730AD39726488C55 /* MPMssAdapter.framework */ = {isa = PBXFileReference; lastKnownFileType = wrapper.framework; path = MPMssAdapter.framework; sourceTree = "<group>"; };
		0474B1040F32C1581784F97A /* Accelerate.framework */ = {isa = PBXFileReference; lastKnownFileType = wrapper.framework; name = Accelerate.framework; path = /Applications/Xcode.app/Contents/Developer/Platforms/iPhoneOS.platform/Developer/SDKs/iPhoneOS13.2.sdk/System/Library/Frameworks/Accelerate.framework; sourceTree = SDKROOT; };
		08CC1229E553E528EE2A1ABF /* SocketRocket.framework */ = {isa = PBXFileReference; lastKnownFileType = wrapper.framework; path = SocketRocket.framework; sourceTree = "<group>"; };
		08FE18BD197DB837C934F568 /* AUBarButtonItem+CGBBarButtonItem.h */ = {isa = PBXFileReference; includeInIndex = 1; lastKnownFileType = sourcecode.c.h; path = "AUBarButtonItem+CGBBarButtonItem.h"; sourceTree = "<group>"; };
		0ACD7EA9036582DEF4B553F3 /* NebulaPoseidon.framework */ = {isa = PBXFileReference; lastKnownFileType = wrapper.framework; path = NebulaPoseidon.framework; sourceTree = "<group>"; };
		0DBEA047C998B69FAE75E181 /* AudioToolBox.framework */ = {isa = PBXFileReference; lastKnownFileType = wrapper.framework; name = AudioToolBox.framework; path = /Applications/Xcode.app/Contents/Developer/Platforms/iPhoneOS.platform/Developer/SDKs/iPhoneOS13.2.sdk/System/Library/Frameworks/AudioToolBox.framework; sourceTree = SDKROOT; };
		0F74AEA43BC13721BB641B9A /* NebulaKernel.bundle */ = {isa = PBXFileReference; includeInIndex = 1; lastKnownFileType = "wrapper.plug-in"; path = NebulaKernel.bundle; sourceTree = "<group>"; };
		106BAC18F81B1A46C3D6B13D /* AntUI.framework */ = {isa = PBXFileReference; lastKnownFileType = wrapper.framework; path = AntUI.framework; sourceTree = "<group>"; };
		184F7A4A7B5E84440EF6FEB6 /* AUBarButtonItem+CGBBarButtonItem.m */ = {isa = PBXFileReference; includeInIndex = 1; lastKnownFileType = sourcecode.c.objc; path = "AUBarButtonItem+CGBBarButtonItem.m"; sourceTree = "<group>"; };
		185298E02A4D0B0FF2A0EAFE /* MPaaSInterface+MPH5Demo_plugin.h */ = {isa = PBXFileReference; includeInIndex = 1; lastKnownFileType = sourcecode.c.h; path = "MPaaSInterface+MPH5Demo_plugin.h"; sourceTree = "<group>"; };
		1D9744BE91AC3090FA06BA4B /* CoreMotion.framework */ = {isa = PBXFileReference; lastKnownFileType = wrapper.framework; name = CoreMotion.framework; path = /Applications/Xcode.app/Contents/Developer/Platforms/iPhoneOS.platform/Developer/SDKs/iPhoneOS13.2.sdk/System/Library/Frameworks/CoreMotion.framework; sourceTree = SDKROOT; };
		2381EC56A6E61721426B4250 /* TTTAttributedLabel.framework */ = {isa = PBXFileReference; lastKnownFileType = wrapper.framework; path = TTTAttributedLabel.framework; sourceTree = "<group>"; };
		24AC36C693133D85C99D598E /* SystemConfiguration.framework */ = {isa = PBXFileReference; lastKnownFileType = wrapper.framework; name = SystemConfiguration.framework; path = /Applications/Xcode.app/Contents/Developer/Platforms/iPhoneOS.platform/Developer/SDKs/iPhoneOS13.2.sdk/System/Library/Frameworks/SystemConfiguration.framework; sourceTree = SDKROOT; };
		2BBDD83BD7C3BF682C5F10F8 /* UserNotifications.framework */ = {isa = PBXFileReference; lastKnownFileType = wrapper.framework; name = UserNotifications.framework; path = /Applications/Xcode.app/Contents/Developer/Platforms/iPhoneOS.platform/Developer/SDKs/iPhoneOS13.2.sdk/System/Library/Frameworks/UserNotifications.framework; sourceTree = SDKROOT; };
		33C45601D4A0236DF60CDABE /* APLog.framework */ = {isa = PBXFileReference; lastKnownFileType = wrapper.framework; path = APLog.framework; sourceTree = "<group>"; };
		34E30D4BA12B155BD3D65500 /* MessageUI.framework */ = {isa = PBXFileReference; lastKnownFileType = wrapper.framework; name = MessageUI.framework; path = /Applications/Xcode.app/Contents/Developer/Platforms/iPhoneOS.platform/Developer/SDKs/iPhoneOS13.2.sdk/System/Library/Frameworks/MessageUI.framework; sourceTree = SDKROOT; };
		35475AD24757946DEB53F48C /* MPInternalPresetApps.bundle */ = {isa = PBXFileReference; includeInIndex = 1; lastKnownFileType = "wrapper.plug-in"; path = MPInternalPresetApps.bundle; sourceTree = "<group>"; };
		3A083014F9CEAC24F1ECAE0F /* APMobileNetwork.bundle */ = {isa = PBXFileReference; includeInIndex = 1; lastKnownFileType = "wrapper.plug-in"; path = APMobileNetwork.bundle; sourceTree = "<group>"; };
		433DCA32AC24CAA53E64F37B /* MPPerformance.framework */ = {isa = PBXFileReference; lastKnownFileType = wrapper.framework; path = MPPerformance.framework; sourceTree = "<group>"; };
		4440C9F223016D1000A0A9D6 /* MPOthersViewController.h */ = {isa = PBXFileReference; lastKnownFileType = sourcecode.c.h; path = MPOthersViewController.h; sourceTree = "<group>"; };
		4440C9F323016D1000A0A9D6 /* MPOthersViewController.m */ = {isa = PBXFileReference; lastKnownFileType = sourcecode.c.objc; path = MPOthersViewController.m; sourceTree = "<group>"; };
		4440C9FD23018C6300A0A9D6 /* MPPlugin4WebView.h */ = {isa = PBXFileReference; lastKnownFileType = sourcecode.c.h; path = MPPlugin4WebView.h; sourceTree = "<group>"; };
		4440C9FE23018C6300A0A9D6 /* MPPlugin4WebView.m */ = {isa = PBXFileReference; lastKnownFileType = sourcecode.c.objc; path = MPPlugin4WebView.m; sourceTree = "<group>"; };
		4440CA0023026E7800A0A9D6 /* MPNebulaViewController.h */ = {isa = PBXFileReference; lastKnownFileType = sourcecode.c.h; path = MPNebulaViewController.h; sourceTree = "<group>"; };
		4440CA0123026E7800A0A9D6 /* MPNebulaViewController.m */ = {isa = PBXFileReference; lastKnownFileType = sourcecode.c.objc; path = MPNebulaViewController.m; sourceTree = "<group>"; };
		444A2F11226D71F500A2C739 /* MPNavigatorScrollVC.h */ = {isa = PBXFileReference; fileEncoding = 4; lastKnownFileType = sourcecode.c.h; path = MPNavigatorScrollVC.h; sourceTree = "<group>"; };
		444A2F12226D71F500A2C739 /* MPNavigatorScrollVC.m */ = {isa = PBXFileReference; fileEncoding = 4; lastKnownFileType = sourcecode.c.objc; path = MPNavigatorScrollVC.m; sourceTree = "<group>"; };
		444A2F14226D742100A2C739 /* MPAntUIDemoDef.h */ = {isa = PBXFileReference; lastKnownFileType = sourcecode.c.h; path = MPAntUIDemoDef.h; sourceTree = "<group>"; };
		444A2F21226DBA8800A2C739 /* MPPlugin4TitleView.h */ = {isa = PBXFileReference; fileEncoding = 4; lastKnownFileType = sourcecode.c.h; path = MPPlugin4TitleView.h; sourceTree = "<group>"; };
		444A2F22226DBA8800A2C739 /* MPPlugin4TitleView.m */ = {isa = PBXFileReference; fileEncoding = 4; lastKnownFileType = sourcecode.c.objc; path = MPPlugin4TitleView.m; sourceTree = "<group>"; };
		444A2F24226EFC6C00A2C739 /* MPJsApiHandler4SetDoubleTitle.h */ = {isa = PBXFileReference; lastKnownFileType = sourcecode.c.h; path = MPJsApiHandler4SetDoubleTitle.h; sourceTree = "<group>"; };
		444A2F25226EFC6C00A2C739 /* MPJsApiHandler4SetDoubleTitle.m */ = {isa = PBXFileReference; lastKnownFileType = sourcecode.c.objc; path = MPJsApiHandler4SetDoubleTitle.m; sourceTree = "<group>"; };
		4461BA37224C8923004F739C /* MPH5WebViewController.m */ = {isa = PBXFileReference; fileEncoding = 4; lastKnownFileType = sourcecode.c.objc; path = MPH5WebViewController.m; sourceTree = "<group>"; };
		4461BA39224C8923004F739C /* MPJsApiHandler4OpenSms.m */ = {isa = PBXFileReference; fileEncoding = 4; lastKnownFileType = sourcecode.c.objc; path = MPJsApiHandler4OpenSms.m; sourceTree = "<group>"; };
		4461BA3A224C8923004F739C /* MPJsApiHandler4OpenSms.h */ = {isa = PBXFileReference; fileEncoding = 4; lastKnownFileType = sourcecode.c.h; path = MPJsApiHandler4OpenSms.h; sourceTree = "<group>"; };
		4461BA3E224C8923004F739C /* MPH5WebViewController.h */ = {isa = PBXFileReference; fileEncoding = 4; lastKnownFileType = sourcecode.c.h; path = MPH5WebViewController.h; sourceTree = "<group>"; };
		4461BA42224C8967004F739C /* H52Native.html */ = {isa = PBXFileReference; fileEncoding = 4; lastKnownFileType = text.html; path = H52Native.html; sourceTree = "<group>"; };
		446267F47EEA5372DB1BECE4 /* SecurityGuardSDK.framework */ = {isa = PBXFileReference; lastKnownFileType = wrapper.framework; path = SecurityGuardSDK.framework; sourceTree = "<group>"; };
		4495907D23F14AF900F1F919 /* MPParamsViewController.h */ = {isa = PBXFileReference; lastKnownFileType = sourcecode.c.h; path = MPParamsViewController.h; sourceTree = "<group>"; };
		4495907E23F14AF900F1F919 /* MPParamsViewController.m */ = {isa = PBXFileReference; lastKnownFileType = sourcecode.c.objc; path = MPParamsViewController.m; sourceTree = "<group>"; };
		4498D53724F8E9CA0009A7C1 /* MPH5WKWebView.m */ = {isa = PBXFileReference; fileEncoding = 4; lastKnownFileType = sourcecode.c.objc; path = MPH5WKWebView.m; sourceTree = "<group>"; };
		4498D53824F8E9CA0009A7C1 /* MPH5WKWebView.h */ = {isa = PBXFileReference; fileEncoding = 4; lastKnownFileType = sourcecode.c.h; path = MPH5WKWebView.h; sourceTree = "<group>"; };
		449F079422524F0A00164D1F /* MPTabBarController.m */ = {isa = PBXFileReference; fileEncoding = 4; lastKnownFileType = sourcecode.c.objc; path = MPTabBarController.m; sourceTree = "<group>"; };
		449F079522524F0A00164D1F /* MPTabBarController.h */ = {isa = PBXFileReference; fileEncoding = 4; lastKnownFileType = sourcecode.c.h; path = MPTabBarController.h; sourceTree = "<group>"; };
		44AA23A522BB7AC2000D06E5 /* DemoCustomPresetApps.bundle */ = {isa = PBXFileReference; lastKnownFileType = "wrapper.plug-in"; path = DemoCustomPresetApps.bundle; sourceTree = "<group>"; };
		44AA23A622BB7AC2000D06E5 /* DemoCustomPlugins.bundle */ = {isa = PBXFileReference; lastKnownFileType = "wrapper.plug-in"; path = DemoCustomPlugins.bundle; sourceTree = "<group>"; };
		44D889A3226D714C00ED686D /* MPNavigatorDemoVC.h */ = {isa = PBXFileReference; fileEncoding = 4; lastKnownFileType = sourcecode.c.h; path = MPNavigatorDemoVC.h; sourceTree = "<group>"; };
		44D889A4226D714C00ED686D /* MPNavigatorDemoVC.m */ = {isa = PBXFileReference; fileEncoding = 4; lastKnownFileType = sourcecode.c.objc; path = MPNavigatorDemoVC.m; sourceTree = "<group>"; };
		4669D36A86E476339CE4CFA3 /* APRemoteLogging.bundle */ = {isa = PBXFileReference; includeInIndex = 1; lastKnownFileType = "wrapper.plug-in"; path = APRemoteLogging.bundle; sourceTree = "<group>"; };
		49DF39401E41AAEF79F796FD /* APMImageProcessing.bundle */ = {isa = PBXFileReference; includeInIndex = 1; lastKnownFileType = "wrapper.plug-in"; path = APMImageProcessing.bundle; sourceTree = "<group>"; };
		5103527C708E4DE3CEE8C303 /* SDWebImage.framework */ = {isa = PBXFileReference; lastKnownFileType = wrapper.framework; path = SDWebImage.framework; sourceTree = "<group>"; };
		52527A06CD978AF8F6788285 /* APMobileFramework.framework */ = {isa = PBXFileReference; lastKnownFileType = wrapper.framework; path = APMobileFramework.framework; sourceTree = "<group>"; };
		55E15C013000B3F02DA64983 /* NebulaTinyapp.framework */ = {isa = PBXFileReference; lastKnownFileType = wrapper.framework; path = NebulaTinyapp.framework; sourceTree = "<group>"; };
		587F30C370F57A8630C62A48 /* TianYan.framework */ = {isa = PBXFileReference; lastKnownFileType = wrapper.framework; path = TianYan.framework; sourceTree = "<group>"; };
		5B17A422CEEA29FAD125DA97 /* yw_1222.jpg */ = {isa = PBXFileReference; includeInIndex = 1; lastKnownFileType = image.jpeg; path = yw_1222.jpg; sourceTree = "<group>"; };
		6016A2CC666D7C9EDBD0D62F /* TinyAppCommon.bundle */ = {isa = PBXFileReference; includeInIndex = 1; lastKnownFileType = "wrapper.plug-in"; path = TinyAppCommon.bundle; sourceTree = "<group>"; };
		6018EBADCCA70BE8BBCED7CB /* NebulaAppManager.bundle */ = {isa = PBXFileReference; includeInIndex = 1; lastKnownFileType = "wrapper.plug-in"; path = NebulaAppManager.bundle; sourceTree = "<group>"; };
		63033BAB9FAF005152B5CC47 /* NebulamPaaSBiz.framework */ = {isa = PBXFileReference; lastKnownFileType = wrapper.framework; path = NebulamPaaSBiz.framework; sourceTree = "<group>"; };
		65B5DC32D2846B0C7E06209E /* APMCDNImage.bundle */ = {isa = PBXFileReference; includeInIndex = 1; lastKnownFileType = "wrapper.plug-in"; path = APMCDNImage.bundle; sourceTree = "<group>"; };
		68A1FF7B847A88F7E838FE38 /* MPLauncherAppDelegate.m */ = {isa = PBXFileReference; includeInIndex = 1; lastKnownFileType = sourcecode.c.objc; path = MPLauncherAppDelegate.m; sourceTree = "<group>"; };
		68B55C39B4E48CAB68A28E8E /* AUThemeManager+CGBThemeManager.m */ = {isa = PBXFileReference; includeInIndex = 1; lastKnownFileType = sourcecode.c.objc; path = "AUThemeManager+CGBThemeManager.m"; sourceTree = "<group>"; };
		6E3A366AF922D7DD2ACCD441 /* MBProgressHUD.framework */ = {isa = PBXFileReference; lastKnownFileType = wrapper.framework; path = MBProgressHUD.framework; sourceTree = "<group>"; };
		7063A8D8B645E82A0F338DEF /* mPaas.framework */ = {isa = PBXFileReference; lastKnownFileType = wrapper.framework; path = mPaas.framework; sourceTree = "<group>"; };
		71BF4E9EAB35F8AF71CC8523 /* AutoTracker.framework */ = {isa = PBXFileReference; lastKnownFileType = wrapper.framework; path = AutoTracker.framework; sourceTree = "<group>"; };
		723338F53E38F4410815FDF4 /* NebulaTinyapp.bundle */ = {isa = PBXFileReference; includeInIndex = 1; lastKnownFileType = "wrapper.plug-in"; path = NebulaTinyapp.bundle; sourceTree = "<group>"; };
		72A4BD6358E4CE9DD7333A42 /* APCommonUI.framework */ = {isa = PBXFileReference; lastKnownFileType = wrapper.framework; path = APCommonUI.framework; sourceTree = "<group>"; };
		757311D4FE15BD0E373A9627 /* meta.config */ = {isa = PBXFileReference; includeInIndex = 1; lastKnownFileType = text; path = meta.config; sourceTree = "<group>"; };
		76FC0BF6A93FD1DE0F87BBA5 /* SGMain.framework */ = {isa = PBXFileReference; lastKnownFileType = wrapper.framework; path = SGMain.framework; sourceTree = "<group>"; };
		783C03F380D3BCDF255A6AE9 /* CoreTelephony.framework */ = {isa = PBXFileReference; lastKnownFileType = wrapper.framework; name = CoreTelephony.framework; path = /Applications/Xcode.app/Contents/Developer/Platforms/iPhoneOS.platform/Developer/SDKs/iPhoneOS13.2.sdk/System/Library/Frameworks/CoreTelephony.framework; sourceTree = SDKROOT; };
		7A1EAC8B26ECDA32A8EE03DC /* NebulaNetwork.framework */ = {isa = PBXFileReference; lastKnownFileType = wrapper.framework; path = NebulaNetwork.framework; sourceTree = "<group>"; };
		7D83FB51EE6C872A55DE95AB /* MPH5Demo_plugin-Prefix.pch */ = {isa = PBXFileReference; includeInIndex = 1; lastKnownFileType = sourcecode.c.h; name = "MPH5Demo_plugin-Prefix.pch"; path = "../../../MPH5Demo_plugin/MPH5Demo_plugin-Prefix.pch"; sourceTree = "<group>"; };
		7EAB7C445B2D9AC518988CB1 /* NebulaBiz.framework */ = {isa = PBXFileReference; lastKnownFileType = wrapper.framework; path = NebulaBiz.framework; sourceTree = "<group>"; };
		7ED658FB4D4D957234EC5CC1 /* NebulaLogging.framework */ = {isa = PBXFileReference; lastKnownFileType = wrapper.framework; path = NebulaLogging.framework; sourceTree = "<group>"; };
		8038A13FAEC07C20838AC0B1 /* MASSChannel.framework */ = {isa = PBXFileReference; lastKnownFileType = wrapper.framework; path = MASSChannel.framework; sourceTree = "<group>"; };
		82D2AF0CE2DAD88E19C97832 /* NebulaSDK.bundle */ = {isa = PBXFileReference; includeInIndex = 1; lastKnownFileType = "wrapper.plug-in"; path = NebulaSDK.bundle; sourceTree = "<group>"; };
		8683C16680FAE6492C8120E4 /* DTFrameworkInterface+MPH5Demo_plugin.m */ = {isa = PBXFileReference; includeInIndex = 1; lastKnownFileType = sourcecode.c.objc; path = "DTFrameworkInterface+MPH5Demo_plugin.m"; sourceTree = "<group>"; };
		86C67C12FBA7A90B5A42BDEE /* NebulaPoseidon.bundle */ = {isa = PBXFileReference; includeInIndex = 1; lastKnownFileType = "wrapper.plug-in"; path = NebulaPoseidon.bundle; sourceTree = "<group>"; };
		887BA03A7E7B6D008662C2B5 /* NebulaConfig.framework */ = {isa = PBXFileReference; lastKnownFileType = wrapper.framework; path = NebulaConfig.framework; sourceTree = "<group>"; };
		89C621EFACFCC1BB16A1E17D /* NebulaHeader.framework */ = {isa = PBXFileReference; lastKnownFileType = wrapper.framework; path = NebulaHeader.framework; sourceTree = "<group>"; };
		8D4C7F68C6683EF9BE72ACBB /* MPaaSInterface+MPH5Demo_plugin.m */ = {isa = PBXFileReference; includeInIndex = 1; lastKnownFileType = sourcecode.c.objc; path = "MPaaSInterface+MPH5Demo_plugin.m"; sourceTree = "<group>"; };
		8E9C1352065845A9E65F4C0F /* DTFrameworkInterface+MPH5Demo_plugin.h */ = {isa = PBXFileReference; includeInIndex = 1; lastKnownFileType = sourcecode.c.h; path = "DTFrameworkInterface+MPH5Demo_plugin.h"; sourceTree = "<group>"; };
		8F90C3E8CDD2902A50B47BFB /* AMap.bundle */ = {isa = PBXFileReference; includeInIndex = 1; lastKnownFileType = "wrapper.plug-in"; path = AMap.bundle; sourceTree = "<group>"; };
		8FF6AF451BB8063AAF9652B5 /* APConfig.framework */ = {isa = PBXFileReference; lastKnownFileType = wrapper.framework; path = APConfig.framework; sourceTree = "<group>"; };
		914DBEC393F41CF484ED4FEF /* WebKit.framework */ = {isa = PBXFileReference; lastKnownFileType = wrapper.framework; name = WebKit.framework; path = /Applications/Xcode.app/Contents/Developer/Platforms/iPhoneOS.platform/Developer/SDKs/iPhoneOS13.2.sdk/System/Library/Frameworks/WebKit.framework; sourceTree = SDKROOT; };
		962BF7AAF0E4F7EAAB40136C /* MPMpaaSService.framework */ = {isa = PBXFileReference; lastKnownFileType = wrapper.framework; path = MPMpaaSService.framework; sourceTree = "<group>"; };
		9D0BE9E465D677EB0802E7EC /* NebulaLogging.bundle */ = {isa = PBXFileReference; includeInIndex = 1; lastKnownFileType = "wrapper.plug-in"; path = NebulaLogging.bundle; sourceTree = "<group>"; };
		9EB47EDD175D2AB0D0059F4F /* MASSProxy.framework */ = {isa = PBXFileReference; lastKnownFileType = wrapper.framework; path = MASSProxy.framework; sourceTree = "<group>"; };
		9FC6D18C7BCE8ADEE455D106 /* TinyAppCommon.framework */ = {isa = PBXFileReference; lastKnownFileType = wrapper.framework; path = TinyAppCommon.framework; sourceTree = "<group>"; };
		A0E7165758EB763157EF41B8 /* MobileCoreServices.framework */ = {isa = PBXFileReference; lastKnownFileType = wrapper.framework; name = MobileCoreServices.framework; path = /Applications/Xcode.app/Contents/Developer/Platforms/iPhoneOS.platform/Developer/SDKs/iPhoneOS13.2.sdk/System/Library/Frameworks/MobileCoreServices.framework; sourceTree = SDKROOT; };
		A437E9939E48C3C45038008D /* NebulaSecurity.framework */ = {isa = PBXFileReference; lastKnownFileType = wrapper.framework; path = NebulaSecurity.framework; sourceTree = "<group>"; };
		A496B919610CAC275141FDBB /* APSecurityUtility.framework */ = {isa = PBXFileReference; lastKnownFileType = wrapper.framework; path = APSecurityUtility.framework; sourceTree = "<group>"; };
		A4FA11E48656240A92A554A2 /* MPH5Demo_plugin-mPaaS-Headers.h */ = {isa = PBXFileReference; includeInIndex = 1; lastKnownFileType = sourcecode.c.h; path = "MPH5Demo_plugin-mPaaS-Headers.h"; sourceTree = "<group>"; };
		A615216A266EC222C4479C24 /* mpaas_sdk.config */ = {isa = PBXFileReference; includeInIndex = 1; lastKnownFileType = text; path = mpaas_sdk.config; sourceTree = "<group>"; };
		A70267F1FE32220C22E9BFA2 /* APCrashReporter.framework */ = {isa = PBXFileReference; lastKnownFileType = wrapper.framework; path = APCrashReporter.framework; sourceTree = "<group>"; };
		AA620FF4F5B30CDAE645182C /* APMUtils.bundle */ = {isa = PBXFileReference; includeInIndex = 1; lastKnownFileType = "wrapper.plug-in"; path = APMUtils.bundle; sourceTree = "<group>"; };
		AB318F75F0D75B2D5CA99BB7 /* MPBadgeService.framework */ = {isa = PBXFileReference; lastKnownFileType = wrapper.framework; path = MPBadgeService.framework; sourceTree = "<group>"; };
		ABE9D0B04D96170BA13E070F /* NebulaAppManager.framework */ = {isa = PBXFileReference; lastKnownFileType = wrapper.framework; path = NebulaAppManager.framework; sourceTree = "<group>"; };
		AF97401A21195EA6031E3248 /* MPDataCenter.framework */ = {isa = PBXFileReference; lastKnownFileType = wrapper.framework; path = MPDataCenter.framework; sourceTree = "<group>"; };
		AF9C1D9306DF6F7C33D5CD6B /* Texel.bundle */ = {isa = PBXFileReference; includeInIndex = 1; lastKnownFileType = "wrapper.plug-in"; path = Texel.bundle; sourceTree = "<group>"; };
		B0ABC389C89A73FE228D1386 /* BeeCityPicker.bundle */ = {isa = PBXFileReference; includeInIndex = 1; lastKnownFileType = "wrapper.plug-in"; path = BeeCityPicker.bundle; sourceTree = "<group>"; };
		B261ECBB5255774599A5F10C /* NebulaAppBiz.framework */ = {isa = PBXFileReference; lastKnownFileType = wrapper.framework; path = NebulaAppBiz.framework; sourceTree = "<group>"; };
		B4841FB23E549751BA3B3246 /* APCommonUI.bundle */ = {isa = PBXFileReference; includeInIndex = 1; lastKnownFileType = "wrapper.plug-in"; path = APCommonUI.bundle; sourceTree = "<group>"; };
		B8A00E1B91673DAAE2650F62 /* NebulaBiz.bundle */ = {isa = PBXFileReference; includeInIndex = 1; lastKnownFileType = "wrapper.plug-in"; path = NebulaBiz.bundle; sourceTree = "<group>"; };
		BDF79E16FC60E045A3E51A7A /* APProtocolBuffers.framework */ = {isa = PBXFileReference; lastKnownFileType = wrapper.framework; path = APProtocolBuffers.framework; sourceTree = "<group>"; };
		BF6CCA080F5981D9E2D75EED /* AUThemeManager+CGBThemeManager.h */ = {isa = PBXFileReference; includeInIndex = 1; lastKnownFileType = sourcecode.c.h; path = "AUThemeManager+CGBThemeManager.h"; sourceTree = "<group>"; };
		C043F33483EDE9E6ABC3EEFC /* UTDID.framework */ = {isa = PBXFileReference; lastKnownFileType = wrapper.framework; path = UTDID.framework; sourceTree = "<group>"; };
		C4B84C7794CA3724C8F77E1C /* Masonry.framework */ = {isa = PBXFileReference; lastKnownFileType = wrapper.framework; path = Masonry.framework; sourceTree = "<group>"; };
		C6474E68C04A86F0E6B45971 /* MPNebulaAdapter.bundle */ = {isa = PBXFileReference; includeInIndex = 1; lastKnownFileType = "wrapper.plug-in"; path = MPNebulaAdapter.bundle; sourceTree = "<group>"; };
		C6A511C90AB2E2C7E58F7C34 /* Nebula.framework */ = {isa = PBXFileReference; lastKnownFileType = wrapper.framework; path = Nebula.framework; sourceTree = "<group>"; };
		C83F6A4EDAAA40F44AB2F2CA /* MPMasAdapter.framework */ = {isa = PBXFileReference; lastKnownFileType = wrapper.framework; path = MPMasAdapter.framework; sourceTree = "<group>"; };
		CA4025A22495E1AB2002466E /* MPInternalPlugins.bundle */ = {isa = PBXFileReference; includeInIndex = 1; lastKnownFileType = "wrapper.plug-in"; path = MPInternalPlugins.bundle; sourceTree = "<group>"; };
		CA5F5928233F3CF7573674D6 /* JavaScriptCore.framework */ = {isa = PBXFileReference; lastKnownFileType = wrapper.framework; name = JavaScriptCore.framework; path = /Applications/Xcode.app/Contents/Developer/Platforms/iPhoneOS.platform/Developer/SDKs/iPhoneOS13.2.sdk/System/Library/Frameworks/JavaScriptCore.framework; sourceTree = SDKROOT; };
		D3FF81D01F521623182E34C7 /* Foundation.framework */ = {isa = PBXFileReference; lastKnownFileType = wrapper.framework; name = Foundation.framework; path = /Applications/Xcode.app/Contents/Developer/Platforms/iPhoneOS.platform/Developer/SDKs/iPhoneOS13.2.sdk/System/Library/Frameworks/Foundation.framework; sourceTree = SDKROOT; };
		DE2F7B1EB764AB6CEE209A4F /* UIKit.framework */ = {isa = PBXFileReference; lastKnownFileType = wrapper.framework; name = UIKit.framework; path = /Applications/Xcode.app/Contents/Developer/Platforms/iPhoneOS.platform/Developer/SDKs/iPhoneOS13.2.sdk/System/Library/Frameworks/UIKit.framework; sourceTree = SDKROOT; };
		DE70389CD05FA268825605A8 /* APMobileFramework.bundle */ = {isa = PBXFileReference; includeInIndex = 1; lastKnownFileType = "wrapper.plug-in"; path = APMobileFramework.bundle; sourceTree = "<group>"; };
		DF5B42B95F08F29E6B78876F /* MobileRuntime.plist */ = {isa = PBXFileReference; includeInIndex = 1; lastKnownFileType = text.plist.xml; path = MobileRuntime.plist; sourceTree = "<group>"; };
		E43E7C6621D1077E00D9E31A /* MPH5Demo_plugin.app */ = {isa = PBXFileReference; explicitFileType = wrapper.application; includeInIndex = 0; path = MPH5Demo_plugin.app; sourceTree = BUILT_PRODUCTS_DIR; };
		E43E7C6C21D1077E00D9E31A /* DemoViewController.h */ = {isa = PBXFileReference; lastKnownFileType = sourcecode.c.h; path = DemoViewController.h; sourceTree = "<group>"; };
		E43E7C6D21D1077E00D9E31A /* DemoViewController.m */ = {isa = PBXFileReference; lastKnownFileType = sourcecode.c.objc; path = DemoViewController.m; sourceTree = "<group>"; };
		E43E7C7221D1077E00D9E31A /* Assets.xcassets */ = {isa = PBXFileReference; lastKnownFileType = folder.assetcatalog; path = Assets.xcassets; sourceTree = "<group>"; };
		E43E7C7521D1077E00D9E31A /* Base */ = {isa = PBXFileReference; lastKnownFileType = file.storyboard; name = Base; path = Base.lproj/LaunchScreen.storyboard; sourceTree = "<group>"; };
		E43E7C7721D1077E00D9E31A /* Info.plist */ = {isa = PBXFileReference; lastKnownFileType = text.plist.xml; path = Info.plist; sourceTree = "<group>"; };
		E43E7C7821D1077E00D9E31A /* main.m */ = {isa = PBXFileReference; lastKnownFileType = sourcecode.c.objc; path = main.m; sourceTree = "<group>"; };
		E43E7C8221D1095B00D9E31A /* MPH5Demo_plugin-Prefix.pch */ = {isa = PBXFileReference; lastKnownFileType = sourcecode.c.h; path = "MPH5Demo_plugin-Prefix.pch"; sourceTree = "<group>"; };
		E43E7C8621D1446400D9E31A /* MPH5Demo_plugin.entitlements */ = {isa = PBXFileReference; lastKnownFileType = text.plist.entitlements; path = MPH5Demo_plugin.entitlements; sourceTree = "<group>"; };
		E4F757F2D8CB0B9D2FFF2AA1 /* AVFoundation.framework */ = {isa = PBXFileReference; lastKnownFileType = wrapper.framework; name = AVFoundation.framework; path = /Applications/Xcode.app/Contents/Developer/Platforms/iPhoneOS.platform/Developer/SDKs/iPhoneOS13.2.sdk/System/Library/Frameworks/AVFoundation.framework; sourceTree = SDKROOT; };
		E5C5D6878D1E460ABCE03D8E /* AntUIShellForMpass.framework */ = {isa = PBXFileReference; lastKnownFileType = wrapper.framework; path = AntUIShellForMpass.framework; sourceTree = "<group>"; };
		EC1D79DE15168C709C069538 /* APRemoteLogging.framework */ = {isa = PBXFileReference; lastKnownFileType = wrapper.framework; path = APRemoteLogging.framework; sourceTree = "<group>"; };
		EDCF8ACEDF827C5931AD7504 /* MPNebulaAdapter.framework */ = {isa = PBXFileReference; lastKnownFileType = wrapper.framework; path = MPNebulaAdapter.framework; sourceTree = "<group>"; };
		EE7B173675ABCD71990C4C1F /* MPMgsAdapter.framework */ = {isa = PBXFileReference; lastKnownFileType = wrapper.framework; path = MPMgsAdapter.framework; sourceTree = "<group>"; };
		EF34D6426F851F3AF00D632E /* MapKit.framework */ = {isa = PBXFileReference; lastKnownFileType = wrapper.framework; name = MapKit.framework; path = /Applications/Xcode.app/Contents/Developer/Platforms/iPhoneOS.platform/Developer/SDKs/iPhoneOS13.2.sdk/System/Library/Frameworks/MapKit.framework; sourceTree = SDKROOT; };
		F19A37974D15D9E072AD0209 /* MPBadgeService.bundle */ = {isa = PBXFileReference; includeInIndex = 1; lastKnownFileType = "wrapper.plug-in"; path = MPBadgeService.bundle; sourceTree = "<group>"; };
		F205554A73A0A085729F9F55 /* APMultimedia.bundle */ = {isa = PBXFileReference; includeInIndex = 1; lastKnownFileType = "wrapper.plug-in"; path = APMultimedia.bundle; sourceTree = "<group>"; };
		F269DB93289AFF456D2DB324 /* APBusinessSchemeHandlers.bundle */ = {isa = PBXFileReference; includeInIndex = 1; lastKnownFileType = "wrapper.plug-in"; path = APBusinessSchemeHandlers.bundle; sourceTree = "<group>"; };
		F2BE0E1046F23EE730DCC8CD /* APMobileNetwork.framework */ = {isa = PBXFileReference; lastKnownFileType = wrapper.framework; path = APMobileNetwork.framework; sourceTree = "<group>"; };
		F79794980EC430817A5644A7 /* NebulaSDK.framework */ = {isa = PBXFileReference; lastKnownFileType = wrapper.framework; path = NebulaSDK.framework; sourceTree = "<group>"; };
		FB6C8736E3099EC5B350C993 /* NebulaConfig.bundle */ = {isa = PBXFileReference; includeInIndex = 1; lastKnownFileType = "wrapper.plug-in"; path = NebulaConfig.bundle; sourceTree = "<group>"; };
		FEA54ADEE6BF25B770BF0AB1 /* APOpenSSL.framework */ = {isa = PBXFileReference; lastKnownFileType = wrapper.framework; path = APOpenSSL.framework; sourceTree = "<group>"; };
		FFA0A8EE9DB9C53BF24D8F05 /* NebulaKernel.framework */ = {isa = PBXFileReference; lastKnownFileType = wrapper.framework; path = NebulaKernel.framework; sourceTree = "<group>"; };
/* End PBXFileReference section */

/* Begin PBXFrameworksBuildPhase section */
		E43E7C6321D1077E00D9E31A /* Frameworks */ = {
			isa = PBXFrameworksBuildPhase;
			buildActionMask = 2147483647;
			files = (
				57BB6585346372A62140EA4D /* SystemConfiguration.framework in Frameworks */,
				E394235840C2E8454E731197 /* CoreTelephony.framework in Frameworks */,
				C978E6DCF982CF7F33BECD52 /* Webkit.framework in Frameworks */,
				E1EE384F43AE1237D281FB80 /* CoreMotion.framework in Frameworks */,
				40A5A033BCD63FAF583F781B /* WebKit.framework in Frameworks */,
				FC060BCB751851C9F6DDC4D6 /* MessageUI.framework in Frameworks */,
				0257809FF6D9F4967D2621EE /* AudioToolBox.framework in Frameworks */,
				1A99F9E1A2AFBAB10BDCF922 /* AVFoundation.framework in Frameworks */,
				18A9704C967A9A93FED13C38 /* UserNotifications.framework in Frameworks */,
				1392EBA87EF692B836301F7A /* MapKit.framework in Frameworks */,
				9D68C8E97ADD10BE1B067568 /* MobileCoreServices.framework in Frameworks */,
				F8363FC59B91EF6CF07E2660 /* UIKit.framework in Frameworks */,
				C8B0D305B54E3A8FE2A4FA99 /* Foundation.framework in Frameworks */,
				6D72B5E4486E8A8FAF50C5DB /* Accelerate.framework in Frameworks */,
				43E30E15DE8E15C162F07300 /* JavaScriptCore.framework in Frameworks */,
				A39818D40FCDB5DC831990D1 /* APLog.framework in Frameworks */,
				7A88CD801EC4D00C292C2666 /* MPDataCenter.framework in Frameworks */,
				44BF2AEEEB1855C05094E5DE /* mPaas.framework in Frameworks */,
				3F30BC06DA07EE357C8CEABB /* MPMasAdapter.framework in Frameworks */,
				498E8C7ACA456B4AE92538A7 /* APRemoteLogging.framework in Frameworks */,
				29F869552ABB45CDF20AB295 /* UTDID.framework in Frameworks */,
				E86D74E5E2E7FF6BAA4D342E /* APProtocolBuffers.framework in Frameworks */,
				F54086ABEEAF46CB10CA4810 /* AutoTracker.framework in Frameworks */,
				CE5DB0A0526B98A4D576265B /* MPPerformance.framework in Frameworks */,
				701C4CA405BF83E8C6478DCB /* TianYan.framework in Frameworks */,
				5E305046C491862EB2129267 /* APCrashReporter.framework in Frameworks */,
				B9756D023C243A8AEC2934FA /* APOpenSSL.framework in Frameworks */,
				2FEB0680BAE8EC01D66B90B2 /* APMobileNetwork.framework in Frameworks */,
				BF9EDCB48E5EEED586E4C8F5 /* SecurityGuardSDK.framework in Frameworks */,
				27D05997A1828ED409D6ACB4 /* SGMain.framework in Frameworks */,
				E0AA884B98ABF3CB64FB10C1 /* APSecurityUtility.framework in Frameworks */,
				B2B645DD07379B437AA02DF1 /* MPMgsAdapter.framework in Frameworks */,
				B518E6501B0A329721EF0EA8 /* APLongLinkService.framework in Frameworks */,
				6BCC58200D1446F36168E531 /* MPMssAdapter.framework in Frameworks */,
				C8B711A59038D44E8ED9BA2E /* APCommonUI.framework in Frameworks */,
				63E5825C5756892DA3FD9F55 /* AntUI.framework in Frameworks */,
				FDDBDA3AC655C11DCFA79A37 /* Masonry.framework in Frameworks */,
				DD595313EB36314DC6C42C0A /* MBProgressHUD.framework in Frameworks */,
				56801CA41F30B4618A45AE3A /* TTTAttributedLabel.framework in Frameworks */,
				8FCC675C31EEC85CC5DA6E6F /* AntUIShellForMpass.framework in Frameworks */,
				83D2CDC86722BF2AC56BFD96 /* APMobileFramework.framework in Frameworks */,
				C420012C0B5B6934708DA2A1 /* NebulaBiz.framework in Frameworks */,
				9C2D6FF953BB6EEC854FE9AA /* NebulaSecurity.framework in Frameworks */,
				5426E205F3591ED30906265B /* Nebula.framework in Frameworks */,
				ABFB8BE1389A2E011A2D4B1A /* NebulaSDK.framework in Frameworks */,
				EE29E63EDB6EE2CEB5024D53 /* NebulaPoseidon.framework in Frameworks */,
				FDC8EC547245D0ABE20D6016 /* NebulaAppManager.framework in Frameworks */,
				C90C9D63F880DFACCDA1DB4E /* SDWebImage.framework in Frameworks */,
				140124093776993A56AE5666 /* NebulaKernel.framework in Frameworks */,
				AEA760041B51966DE2CE96A9 /* TinyAppCommon.framework in Frameworks */,
				A12F63977987A10930AEE455 /* NebulaTinyapp.framework in Frameworks */,
				3106BA6E0C88AB31C1C13FB8 /* NebulaLogging.framework in Frameworks */,
				13907AE783D38DDC7A3C2C8F /* NebulaConfig.framework in Frameworks */,
				324DBF56ED178F2B144BB5A9 /* APConfig.framework in Frameworks */,
				99F47F68298E75AE644186EE /* NebulaAppBiz.framework in Frameworks */,
				0EF806480421D3F645F9F909 /* MASSProxy.framework in Frameworks */,
				E058A800B0E5531D0CFB5B36 /* MASSChannel.framework in Frameworks */,
				ECD4C36BF02DF4B280A3DCBA /* MPNebulaAdapter.framework in Frameworks */,
				63590591C073A398E2A9BA17 /* NebulamPaaSBiz.framework in Frameworks */,
				4F1E51220E05FA49EFAE556D /* MPMpaaSService.framework in Frameworks */,
				E29B5EFC394792D37F61EB81 /* NebulaHeader.framework in Frameworks */,
				1F24C7598DE78836452CFC49 /* NebulaNetwork.framework in Frameworks */,
				33AA2D8F2E071ABA8496731E /* SocketRocket.framework in Frameworks */,
				018F83EF59886AEF7DF4D889 /* MPBadgeService.framework in Frameworks */,
			);
			runOnlyForDeploymentPostprocessing = 0;
		};
/* End PBXFrameworksBuildPhase section */

/* Begin PBXGroup section */
		097C703A8D81445F68D53BE3 /* MPaaS */ = {
			isa = PBXGroup;
			children = (
				A615216A266EC222C4479C24 /* mpaas_sdk.config */,
				F0E816B413964D9A852101CE /* Targets */,
				53BBDCD7BD24325D014C5313 /* Resources */,
				C4CF352F4A4F8B74337C6951 /* Frameworks */,
			);
			path = MPaaS;
			sourceTree = "<group>";
		};
		2A71283E04EC7611DF558315 /* Frameworks */ = {
			isa = PBXGroup;
			children = (
				24AC36C693133D85C99D598E /* SystemConfiguration.framework */,
				783C03F380D3BCDF255A6AE9 /* CoreTelephony.framework */,
				0077848F9F0FEEC93D9AF0A8 /* Webkit.framework */,
				1D9744BE91AC3090FA06BA4B /* CoreMotion.framework */,
				914DBEC393F41CF484ED4FEF /* WebKit.framework */,
				34E30D4BA12B155BD3D65500 /* MessageUI.framework */,
				0DBEA047C998B69FAE75E181 /* AudioToolBox.framework */,
				E4F757F2D8CB0B9D2FFF2AA1 /* AVFoundation.framework */,
				2BBDD83BD7C3BF682C5F10F8 /* UserNotifications.framework */,
				EF34D6426F851F3AF00D632E /* MapKit.framework */,
				A0E7165758EB763157EF41B8 /* MobileCoreServices.framework */,
				DE2F7B1EB764AB6CEE209A4F /* UIKit.framework */,
				D3FF81D01F521623182E34C7 /* Foundation.framework */,
				0474B1040F32C1581784F97A /* Accelerate.framework */,
				CA5F5928233F3CF7573674D6 /* JavaScriptCore.framework */,
			);
			name = Frameworks;
			sourceTree = "<group>";
		};
		43AFA99568EAD55C1CFD46BA /* APMobileFramework */ = {
			isa = PBXGroup;
			children = (
				8E9C1352065845A9E65F4C0F /* DTFrameworkInterface+MPH5Demo_plugin.h */,
				8683C16680FAE6492C8120E4 /* DTFrameworkInterface+MPH5Demo_plugin.m */,
			);
			path = APMobileFramework;
			sourceTree = "<group>";
		};
		4461BA36224C8923004F739C /* Template */ = {
			isa = PBXGroup;
			children = (
				4461BA3E224C8923004F739C /* MPH5WebViewController.h */,
				4461BA37224C8923004F739C /* MPH5WebViewController.m */,
				4461BA42224C8967004F739C /* H52Native.html */,
				4498D53624F8E9CA0009A7C1 /* CustomFile */,
				4461BA38224C8923004F739C /* JsApis */,
				4461BA3B224C8923004F739C /* Plugins */,
			);
			path = Template;
			sourceTree = "<group>";
		};
		4461BA38224C8923004F739C /* JsApis */ = {
			isa = PBXGroup;
			children = (
				4461BA3A224C8923004F739C /* MPJsApiHandler4OpenSms.h */,
				4461BA39224C8923004F739C /* MPJsApiHandler4OpenSms.m */,
				444A2F24226EFC6C00A2C739 /* MPJsApiHandler4SetDoubleTitle.h */,
				444A2F25226EFC6C00A2C739 /* MPJsApiHandler4SetDoubleTitle.m */,
			);
			path = JsApis;
			sourceTree = "<group>";
		};
		4461BA3B224C8923004F739C /* Plugins */ = {
			isa = PBXGroup;
			children = (
				444A2F21226DBA8800A2C739 /* MPPlugin4TitleView.h */,
				444A2F22226DBA8800A2C739 /* MPPlugin4TitleView.m */,
				4440C9FD23018C6300A0A9D6 /* MPPlugin4WebView.h */,
				4440C9FE23018C6300A0A9D6 /* MPPlugin4WebView.m */,
			);
			path = Plugins;
			sourceTree = "<group>";
		};
		4498D53624F8E9CA0009A7C1 /* CustomFile */ = {
			isa = PBXGroup;
			children = (
				4498D53824F8E9CA0009A7C1 /* MPH5WKWebView.h */,
				4498D53724F8E9CA0009A7C1 /* MPH5WKWebView.m */,
			);
			name = CustomFile;
			path = ../../../../MPH5Demo_pod/MPH5Demo_pod/Template/CustomFile;
			sourceTree = "<group>";
		};
		53BBDCD7BD24325D014C5313 /* Resources */ = {
			isa = PBXGroup;
			children = (
				4669D36A86E476339CE4CFA3 /* APRemoteLogging.bundle */,
				3A083014F9CEAC24F1ECAE0F /* APMobileNetwork.bundle */,
				86C67C12FBA7A90B5A42BDEE /* NebulaPoseidon.bundle */,
				B8A00E1B91673DAAE2650F62 /* NebulaBiz.bundle */,
				DE70389CD05FA268825605A8 /* APMobileFramework.bundle */,
				B4841FB23E549751BA3B3246 /* APCommonUI.bundle */,
				82D2AF0CE2DAD88E19C97832 /* NebulaSDK.bundle */,
				6018EBADCCA70BE8BBCED7CB /* NebulaAppManager.bundle */,
				0F74AEA43BC13721BB641B9A /* NebulaKernel.bundle */,
				6016A2CC666D7C9EDBD0D62F /* TinyAppCommon.bundle */,
				723338F53E38F4410815FDF4 /* NebulaTinyapp.bundle */,
				9D0BE9E465D677EB0802E7EC /* NebulaLogging.bundle */,
				FB6C8736E3099EC5B350C993 /* NebulaConfig.bundle */,
				35475AD24757946DEB53F48C /* MPInternalPresetApps.bundle */,
				C6474E68C04A86F0E6B45971 /* MPNebulaAdapter.bundle */,
				CA4025A22495E1AB2002466E /* MPInternalPlugins.bundle */,
				F19A37974D15D9E072AD0209 /* MPBadgeService.bundle */,
				AF9C1D9306DF6F7C33D5CD6B /* Texel.bundle */,
				B0ABC389C89A73FE228D1386 /* BeeCityPicker.bundle */,
				65B5DC32D2846B0C7E06209E /* APMCDNImage.bundle */,
				AA620FF4F5B30CDAE645182C /* APMUtils.bundle */,
				8F90C3E8CDD2902A50B47BFB /* AMap.bundle */,
				49DF39401E41AAEF79F796FD /* APMImageProcessing.bundle */,
				F269DB93289AFF456D2DB324 /* APBusinessSchemeHandlers.bundle */,
				F205554A73A0A085729F9F55 /* APMultimedia.bundle */,
			);
			path = Resources;
			sourceTree = "<group>";
		};
		BDD330D6685FC1F08653818E /* MPH5Demo_plugin */ = {
			isa = PBXGroup;
			children = (
				757311D4FE15BD0E373A9627 /* meta.config */,
				5B17A422CEEA29FAD125DA97 /* yw_1222.jpg */,
				A4FA11E48656240A92A554A2 /* MPH5Demo_plugin-mPaaS-Headers.h */,
				7D83FB51EE6C872A55DE95AB /* MPH5Demo_plugin-Prefix.pch */,
				F413BD5B835D042D997A755E /* mPaas */,
				43AFA99568EAD55C1CFD46BA /* APMobileFramework */,
			);
			path = MPH5Demo_plugin;
			sourceTree = "<group>";
		};
		C4CF352F4A4F8B74337C6951 /* Frameworks */ = {
			isa = PBXGroup;
			children = (
				33C45601D4A0236DF60CDABE /* APLog.framework */,
				AF97401A21195EA6031E3248 /* MPDataCenter.framework */,
				7063A8D8B645E82A0F338DEF /* mPaas.framework */,
				C83F6A4EDAAA40F44AB2F2CA /* MPMasAdapter.framework */,
				EC1D79DE15168C709C069538 /* APRemoteLogging.framework */,
				C043F33483EDE9E6ABC3EEFC /* UTDID.framework */,
				BDF79E16FC60E045A3E51A7A /* APProtocolBuffers.framework */,
				71BF4E9EAB35F8AF71CC8523 /* AutoTracker.framework */,
				433DCA32AC24CAA53E64F37B /* MPPerformance.framework */,
				587F30C370F57A8630C62A48 /* TianYan.framework */,
				A70267F1FE32220C22E9BFA2 /* APCrashReporter.framework */,
				FEA54ADEE6BF25B770BF0AB1 /* APOpenSSL.framework */,
				F2BE0E1046F23EE730DCC8CD /* APMobileNetwork.framework */,
				446267F47EEA5372DB1BECE4 /* SecurityGuardSDK.framework */,
				76FC0BF6A93FD1DE0F87BBA5 /* SGMain.framework */,
				A496B919610CAC275141FDBB /* APSecurityUtility.framework */,
				EE7B173675ABCD71990C4C1F /* MPMgsAdapter.framework */,
				007EAFCCF5DCE94C1F6A7B3E /* APLongLinkService.framework */,
				0361256A730AD39726488C55 /* MPMssAdapter.framework */,
				72A4BD6358E4CE9DD7333A42 /* APCommonUI.framework */,
				106BAC18F81B1A46C3D6B13D /* AntUI.framework */,
				C4B84C7794CA3724C8F77E1C /* Masonry.framework */,
				6E3A366AF922D7DD2ACCD441 /* MBProgressHUD.framework */,
				2381EC56A6E61721426B4250 /* TTTAttributedLabel.framework */,
				E5C5D6878D1E460ABCE03D8E /* AntUIShellForMpass.framework */,
				52527A06CD978AF8F6788285 /* APMobileFramework.framework */,
				7EAB7C445B2D9AC518988CB1 /* NebulaBiz.framework */,
				A437E9939E48C3C45038008D /* NebulaSecurity.framework */,
				C6A511C90AB2E2C7E58F7C34 /* Nebula.framework */,
				F79794980EC430817A5644A7 /* NebulaSDK.framework */,
				0ACD7EA9036582DEF4B553F3 /* NebulaPoseidon.framework */,
				ABE9D0B04D96170BA13E070F /* NebulaAppManager.framework */,
				5103527C708E4DE3CEE8C303 /* SDWebImage.framework */,
				FFA0A8EE9DB9C53BF24D8F05 /* NebulaKernel.framework */,
				9FC6D18C7BCE8ADEE455D106 /* TinyAppCommon.framework */,
				55E15C013000B3F02DA64983 /* NebulaTinyapp.framework */,
				7ED658FB4D4D957234EC5CC1 /* NebulaLogging.framework */,
				887BA03A7E7B6D008662C2B5 /* NebulaConfig.framework */,
				8FF6AF451BB8063AAF9652B5 /* APConfig.framework */,
				B261ECBB5255774599A5F10C /* NebulaAppBiz.framework */,
				9EB47EDD175D2AB0D0059F4F /* MASSProxy.framework */,
				8038A13FAEC07C20838AC0B1 /* MASSChannel.framework */,
				EDCF8ACEDF827C5931AD7504 /* MPNebulaAdapter.framework */,
				63033BAB9FAF005152B5CC47 /* NebulamPaaSBiz.framework */,
				962BF7AAF0E4F7EAAB40136C /* MPMpaaSService.framework */,
				89C621EFACFCC1BB16A1E17D /* NebulaHeader.framework */,
				7A1EAC8B26ECDA32A8EE03DC /* NebulaNetwork.framework */,
				08CC1229E553E528EE2A1ABF /* SocketRocket.framework */,
				AB318F75F0D75B2D5CA99BB7 /* MPBadgeService.framework */,
			);
			path = Frameworks;
			sourceTree = "<group>";
		};
		E276E6BDC096D68997B11411 /* Launcher */ = {
			isa = PBXGroup;
			children = (
				02C9AE6FF2A36EF0E6059796 /* MPLauncherAppDelegate.h */,
				68A1FF7B847A88F7E838FE38 /* MPLauncherAppDelegate.m */,
				449F079522524F0A00164D1F /* MPTabBarController.h */,
				449F079422524F0A00164D1F /* MPTabBarController.m */,
				DF5B42B95F08F29E6B78876F /* MobileRuntime.plist */,
			);
			path = Launcher;
			sourceTree = "<group>";
		};
		E43E7C5D21D1077E00D9E31A = {
			isa = PBXGroup;
			children = (
				E43E7C6821D1077E00D9E31A /* MPH5Demo_plugin */,
				E43E7C6721D1077E00D9E31A /* Products */,
				2A71283E04EC7611DF558315 /* Frameworks */,
				097C703A8D81445F68D53BE3 /* MPaaS */,
			);
			sourceTree = "<group>";
		};
		E43E7C6721D1077E00D9E31A /* Products */ = {
			isa = PBXGroup;
			children = (
				E43E7C6621D1077E00D9E31A /* MPH5Demo_plugin.app */,
			);
			name = Products;
			sourceTree = "<group>";
		};
		E43E7C6821D1077E00D9E31A /* MPH5Demo_plugin */ = {
			isa = PBXGroup;
			children = (
				E43E7C8621D1446400D9E31A /* MPH5Demo_plugin.entitlements */,
				E43E7C7F21D108B900D9E31A /* Sources */,
				E43E7C8021D108C100D9E31A /* Resources */,
				E43E7C8321D109ED00D9E31A /* Supporting Files */,
			);
			path = MPH5Demo_plugin;
			sourceTree = "<group>";
		};
		E43E7C7F21D108B900D9E31A /* Sources */ = {
			isa = PBXGroup;
			children = (
				444A2F14226D742100A2C739 /* MPAntUIDemoDef.h */,
				E43E7C6C21D1077E00D9E31A /* DemoViewController.h */,
				E43E7C6D21D1077E00D9E31A /* DemoViewController.m */,
				44D889A3226D714C00ED686D /* MPNavigatorDemoVC.h */,
				44D889A4226D714C00ED686D /* MPNavigatorDemoVC.m */,
				444A2F11226D71F500A2C739 /* MPNavigatorScrollVC.h */,
				444A2F12226D71F500A2C739 /* MPNavigatorScrollVC.m */,
				4495907D23F14AF900F1F919 /* MPParamsViewController.h */,
				4495907E23F14AF900F1F919 /* MPParamsViewController.m */,
				4440C9F223016D1000A0A9D6 /* MPOthersViewController.h */,
				4440C9F323016D1000A0A9D6 /* MPOthersViewController.m */,
				4440CA0023026E7800A0A9D6 /* MPNebulaViewController.h */,
				4440CA0123026E7800A0A9D6 /* MPNebulaViewController.m */,
				4461BA36224C8923004F739C /* Template */,
				E276E6BDC096D68997B11411 /* Launcher */,
			);
			path = Sources;
			sourceTree = "<group>";
		};
		E43E7C8021D108C100D9E31A /* Resources */ = {
			isa = PBXGroup;
			children = (
				44AA23A622BB7AC2000D06E5 /* DemoCustomPlugins.bundle */,
				44AA23A522BB7AC2000D06E5 /* DemoCustomPresetApps.bundle */,
				E43E7C7221D1077E00D9E31A /* Assets.xcassets */,
				E43E7C7421D1077E00D9E31A /* LaunchScreen.storyboard */,
			);
			path = Resources;
			sourceTree = "<group>";
		};
		E43E7C8321D109ED00D9E31A /* Supporting Files */ = {
			isa = PBXGroup;
			children = (
				E43E7C7721D1077E00D9E31A /* Info.plist */,
				E43E7C7821D1077E00D9E31A /* main.m */,
				E43E7C8221D1095B00D9E31A /* MPH5Demo_plugin-Prefix.pch */,
			);
			name = "Supporting Files";
			sourceTree = "<group>";
		};
		F0E816B413964D9A852101CE /* Targets */ = {
			isa = PBXGroup;
			children = (
				BDD330D6685FC1F08653818E /* MPH5Demo_plugin */,
			);
			path = Targets;
			sourceTree = "<group>";
		};
		F413BD5B835D042D997A755E /* mPaas */ = {
			isa = PBXGroup;
			children = (
				185298E02A4D0B0FF2A0EAFE /* MPaaSInterface+MPH5Demo_plugin.h */,
				8D4C7F68C6683EF9BE72ACBB /* MPaaSInterface+MPH5Demo_plugin.m */,
				08FE18BD197DB837C934F568 /* AUBarButtonItem+CGBBarButtonItem.h */,
				184F7A4A7B5E84440EF6FEB6 /* AUBarButtonItem+CGBBarButtonItem.m */,
				BF6CCA080F5981D9E2D75EED /* AUThemeManager+CGBThemeManager.h */,
				68B55C39B4E48CAB68A28E8E /* AUThemeManager+CGBThemeManager.m */,
			);
			path = mPaas;
			sourceTree = "<group>";
		};
/* End PBXGroup section */

/* Begin PBXNativeTarget section */
		E43E7C6521D1077E00D9E31A /* MPH5Demo_plugin */ = {
			isa = PBXNativeTarget;
			buildConfigurationList = E43E7C7C21D1077E00D9E31A /* Build configuration list for PBXNativeTarget "MPH5Demo_plugin" */;
			buildPhases = (
				E43E7C6221D1077E00D9E31A /* Sources */,
				E43E7C6321D1077E00D9E31A /* Frameworks */,
				E43E7C6421D1077E00D9E31A /* Resources */,
			);
			buildRules = (
			);
			dependencies = (
			);
			name = MPH5Demo_plugin;
			productName = MPH5Demo_plugin;
			productReference = E43E7C6621D1077E00D9E31A /* MPH5Demo_plugin.app */;
			productType = "com.apple.product-type.application";
		};
/* End PBXNativeTarget section */

/* Begin PBXProject section */
		E43E7C5E21D1077E00D9E31A /* Project object */ = {
			isa = PBXProject;
			attributes = {
				LastUpgradeCheck = 1010;
				ORGANIZATIONNAME = Alibaba;
				TargetAttributes = {
					E43E7C6521D1077E00D9E31A = {
						CreatedOnToolsVersion = 10.1;
						ProvisioningStyle = Automatic;
						SystemCapabilities = {
							com.apple.BackgroundModes = {
								enabled = 1;
							};
							com.apple.Push = {
								enabled = 1;
							};
						};
					};
				};
			};
			buildConfigurationList = E43E7C6121D1077E00D9E31A /* Build configuration list for PBXProject "MPH5Demo_plugin" */;
			compatibilityVersion = "Xcode 3.2";
			developmentRegion = en;
			hasScannedForEncodings = 0;
			knownRegions = (
				en,
				Base,
			);
			mainGroup = E43E7C5D21D1077E00D9E31A;
			productRefGroup = E43E7C6721D1077E00D9E31A /* Products */;
			projectDirPath = "";
			projectRoot = "";
			targets = (
				E43E7C6521D1077E00D9E31A /* MPH5Demo_plugin */,
			);
		};
/* End PBXProject section */

/* Begin PBXResourcesBuildPhase section */
		E43E7C6421D1077E00D9E31A /* Resources */ = {
			isa = PBXResourcesBuildPhase;
			buildActionMask = 2147483647;
			files = (
				4461BA43224C8968004F739C /* H52Native.html in Resources */,
				E43E7C7621D1077E00D9E31A /* LaunchScreen.storyboard in Resources */,
				E43E7C7321D1077E00D9E31A /* Assets.xcassets in Resources */,
				A1B8AF7555A5D083B0E366C2 /* MobileRuntime.plist in Resources */,
				44AA23A822BB7AC2000D06E5 /* DemoCustomPlugins.bundle in Resources */,
				44AA23A722BB7AC2000D06E5 /* DemoCustomPresetApps.bundle in Resources */,
				6CCC0AE80C8A3027B18AE567 /* meta.config in Resources */,
				91AE47E65BCE84A26FA1F923 /* yw_1222.jpg in Resources */,
				57E401282E15E374018D3878 /* APRemoteLogging.bundle in Resources */,
				028C5B55DA0F0248FFF482A6 /* APMobileNetwork.bundle in Resources */,
				C041A109CB387D8E0114A18A /* NebulaPoseidon.bundle in Resources */,
				0C9D8C8045C3C39ED97EB0EB /* NebulaBiz.bundle in Resources */,
				9D6C7E243054AE20943E0C19 /* APMobileFramework.bundle in Resources */,
				4F81C3B38901E317941C285C /* APCommonUI.bundle in Resources */,
				282762F8608067C9EDE3FD7A /* NebulaSDK.bundle in Resources */,
				AFC86AF2DF6240BED1BA991F /* NebulaAppManager.bundle in Resources */,
				0765EE7FD3ED544770CA1513 /* NebulaKernel.bundle in Resources */,
				B85F4C36872779669B7C25B9 /* TinyAppCommon.bundle in Resources */,
				34BB5B1A78539D463A730F92 /* NebulaTinyapp.bundle in Resources */,
				E6E26DC3695E30F8EC0E4386 /* NebulaLogging.bundle in Resources */,
				B3A8F954346F0D6B1689C916 /* NebulaConfig.bundle in Resources */,
				C80F5D1F96C4BBA6E0181C91 /* MPInternalPresetApps.bundle in Resources */,
				044C91795A3CD4291F420689 /* MPNebulaAdapter.bundle in Resources */,
				E89531C031FA8900C92E0909 /* MPInternalPlugins.bundle in Resources */,
				81AC4A5F0AB42FA242AEC43C /* MPBadgeService.bundle in Resources */,
			);
			runOnlyForDeploymentPostprocessing = 0;
		};
/* End PBXResourcesBuildPhase section */

/* Begin PBXSourcesBuildPhase section */
		E43E7C6221D1077E00D9E31A /* Sources */ = {
			isa = PBXSourcesBuildPhase;
			buildActionMask = 2147483647;
			files = (
				4440C9F423016D1000A0A9D6 /* MPOthersViewController.m in Sources */,
				4495907F23F14AF900F1F919 /* MPParamsViewController.m in Sources */,
				E43E7C6E21D1077E00D9E31A /* DemoViewController.m in Sources */,
				444A2F13226D71F500A2C739 /* MPNavigatorScrollVC.m in Sources */,
				4440C9FF23018C6300A0A9D6 /* MPPlugin4WebView.m in Sources */,
				E43E7C7921D1077E00D9E31A /* main.m in Sources */,
				449F079622524F0A00164D1F /* MPTabBarController.m in Sources */,
				18654D8B34CF1D06F57E9BF3 /* MPLauncherAppDelegate.m in Sources */,
				44D889A5226D714C00ED686D /* MPNavigatorDemoVC.m in Sources */,
				4461BA3F224C8923004F739C /* MPH5WebViewController.m in Sources */,
				444A2F23226DBA8800A2C739 /* MPPlugin4TitleView.m in Sources */,
				444A2F26226EFC6C00A2C739 /* MPJsApiHandler4SetDoubleTitle.m in Sources */,
				4461BA40224C8923004F739C /* MPJsApiHandler4OpenSms.m in Sources */,
				4498D53924F8E9CA0009A7C1 /* MPH5WKWebView.m in Sources */,
				4440CA0223026E7800A0A9D6 /* MPNebulaViewController.m in Sources */,
				F07501C1CE5DDC6834292AC1 /* MPaaSInterface+MPH5Demo_plugin.m in Sources */,
				45A8069D49C8AD653C639A81 /* DTFrameworkInterface+MPH5Demo_plugin.m in Sources */,
				C0A8DBDFC926566697DDB430 /* AUBarButtonItem+CGBBarButtonItem.m in Sources */,
				F68AF3587D27FF8CD2C9AF35 /* AUThemeManager+CGBThemeManager.m in Sources */,
			);
			runOnlyForDeploymentPostprocessing = 0;
		};
/* End PBXSourcesBuildPhase section */

/* Begin PBXVariantGroup section */
		E43E7C7421D1077E00D9E31A /* LaunchScreen.storyboard */ = {
			isa = PBXVariantGroup;
			children = (
				E43E7C7521D1077E00D9E31A /* Base */,
			);
			name = LaunchScreen.storyboard;
			sourceTree = "<group>";
		};
/* End PBXVariantGroup section */

/* Begin XCBuildConfiguration section */
		E43E7C7A21D1077E00D9E31A /* Debug */ = {
			isa = XCBuildConfiguration;
			buildSettings = {
				ALWAYS_SEARCH_USER_PATHS = NO;
				CLANG_ANALYZER_NONNULL = YES;
				CLANG_ANALYZER_NUMBER_OBJECT_CONVERSION = YES_AGGRESSIVE;
				CLANG_CXX_LANGUAGE_STANDARD = "gnu++14";
				CLANG_CXX_LIBRARY = "libc++";
				CLANG_ENABLE_MODULES = YES;
				CLANG_ENABLE_OBJC_ARC = YES;
				CLANG_ENABLE_OBJC_WEAK = YES;
				CLANG_WARN_BLOCK_CAPTURE_AUTORELEASING = YES;
				CLANG_WARN_BOOL_CONVERSION = YES;
				CLANG_WARN_COMMA = YES;
				CLANG_WARN_CONSTANT_CONVERSION = YES;
				CLANG_WARN_DEPRECATED_OBJC_IMPLEMENTATIONS = YES;
				CLANG_WARN_DIRECT_OBJC_ISA_USAGE = YES_ERROR;
				CLANG_WARN_DOCUMENTATION_COMMENTS = YES;
				CLANG_WARN_EMPTY_BODY = YES;
				CLANG_WARN_ENUM_CONVERSION = YES;
				CLANG_WARN_INFINITE_RECURSION = YES;
				CLANG_WARN_INT_CONVERSION = YES;
				CLANG_WARN_NON_LITERAL_NULL_CONVERSION = YES;
				CLANG_WARN_OBJC_IMPLICIT_RETAIN_SELF = YES;
				CLANG_WARN_OBJC_LITERAL_CONVERSION = YES;
				CLANG_WARN_OBJC_ROOT_CLASS = YES_ERROR;
				CLANG_WARN_RANGE_LOOP_ANALYSIS = YES;
				CLANG_WARN_STRICT_MPH5Demo_pluginS = YES;
				CLANG_WARN_SUSPICIOUS_MOVE = YES;
				CLANG_WARN_UNGUARDED_AVAILABILITY = YES_AGGRESSIVE;
				CLANG_WARN_UNREACHABLE_CODE = YES;
				CLANG_WARN__DUPLICATE_METHOD_MATCH = YES;
				CODE_SIGN_IDENTITY = "iPhone Developer";
				COPY_PHASE_STRIP = NO;
				DEBUG_INFORMATION_FORMAT = dwarf;
				ENABLE_STRICT_OBJC_MSGSEND = YES;
				ENABLE_TESTABILITY = YES;
				GCC_C_LANGUAGE_STANDARD = gnu11;
				GCC_DYNAMIC_NO_PIC = NO;
				GCC_NO_COMMON_BLOCKS = YES;
				GCC_OPTIMIZATION_LEVEL = 0;
				GCC_PREPROCESSOR_DEFINITIONS = (
					"DEBUG=1",
					"$(inherited)",
				);
				GCC_WARN_64_TO_32_BIT_CONVERSION = YES;
				GCC_WARN_ABOUT_RETURN_TYPE = YES_ERROR;
				GCC_WARN_UNDECLARED_SELECTOR = YES;
				GCC_WARN_UNINITIALIZED_AUTOS = YES_AGGRESSIVE;
				GCC_WARN_UNUSED_FUNCTION = YES;
				GCC_WARN_UNUSED_VARIABLE = YES;
				IPHONEOS_DEPLOYMENT_TARGET = 8.0;
				MTL_ENABLE_DEBUG_INFO = INCLUDE_SOURCE;
				MTL_FAST_MATH = YES;
				ONLY_ACTIVE_ARCH = YES;
				SDKROOT = iphoneos;
			};
			name = Debug;
		};
		E43E7C7B21D1077E00D9E31A /* Release */ = {
			isa = XCBuildConfiguration;
			buildSettings = {
				ALWAYS_SEARCH_USER_PATHS = NO;
				CLANG_ANALYZER_NONNULL = YES;
				CLANG_ANALYZER_NUMBER_OBJECT_CONVERSION = YES_AGGRESSIVE;
				CLANG_CXX_LANGUAGE_STANDARD = "gnu++14";
				CLANG_CXX_LIBRARY = "libc++";
				CLANG_ENABLE_MODULES = YES;
				CLANG_ENABLE_OBJC_ARC = YES;
				CLANG_ENABLE_OBJC_WEAK = YES;
				CLANG_WARN_BLOCK_CAPTURE_AUTORELEASING = YES;
				CLANG_WARN_BOOL_CONVERSION = YES;
				CLANG_WARN_COMMA = YES;
				CLANG_WARN_CONSTANT_CONVERSION = YES;
				CLANG_WARN_DEPRECATED_OBJC_IMPLEMENTATIONS = YES;
				CLANG_WARN_DIRECT_OBJC_ISA_USAGE = YES_ERROR;
				CLANG_WARN_DOCUMENTATION_COMMENTS = YES;
				CLANG_WARN_EMPTY_BODY = YES;
				CLANG_WARN_ENUM_CONVERSION = YES;
				CLANG_WARN_INFINITE_RECURSION = YES;
				CLANG_WARN_INT_CONVERSION = YES;
				CLANG_WARN_NON_LITERAL_NULL_CONVERSION = YES;
				CLANG_WARN_OBJC_IMPLICIT_RETAIN_SELF = YES;
				CLANG_WARN_OBJC_LITERAL_CONVERSION = YES;
				CLANG_WARN_OBJC_ROOT_CLASS = YES_ERROR;
				CLANG_WARN_RANGE_LOOP_ANALYSIS = YES;
				CLANG_WARN_STRICT_MPH5Demo_pluginS = YES;
				CLANG_WARN_SUSPICIOUS_MOVE = YES;
				CLANG_WARN_UNGUARDED_AVAILABILITY = YES_AGGRESSIVE;
				CLANG_WARN_UNREACHABLE_CODE = YES;
				CLANG_WARN__DUPLICATE_METHOD_MATCH = YES;
				CODE_SIGN_IDENTITY = "iPhone Developer";
				COPY_PHASE_STRIP = NO;
				DEBUG_INFORMATION_FORMAT = "dwarf-with-dsym";
				ENABLE_NS_ASSERTIONS = NO;
				ENABLE_STRICT_OBJC_MSGSEND = YES;
				GCC_C_LANGUAGE_STANDARD = gnu11;
				GCC_NO_COMMON_BLOCKS = YES;
				GCC_WARN_64_TO_32_BIT_CONVERSION = YES;
				GCC_WARN_ABOUT_RETURN_TYPE = YES_ERROR;
				GCC_WARN_UNDECLARED_SELECTOR = YES;
				GCC_WARN_UNINITIALIZED_AUTOS = YES_AGGRESSIVE;
				GCC_WARN_UNUSED_FUNCTION = YES;
				GCC_WARN_UNUSED_VARIABLE = YES;
				IPHONEOS_DEPLOYMENT_TARGET = 8.0;
				MTL_ENABLE_DEBUG_INFO = NO;
				MTL_FAST_MATH = YES;
				SDKROOT = iphoneos;
				VALIDATE_PRODUCT = YES;
			};
			name = Release;
		};
		E43E7C7D21D1077E00D9E31A /* Debug */ = {
			isa = XCBuildConfiguration;
			buildSettings = {
				ASSETCATALOG_COMPILER_APPICON_NAME = AppIcon;
				CODE_SIGN_ENTITLEMENTS = MPH5Demo_plugin/MPH5Demo_plugin.entitlements;
				CODE_SIGN_IDENTITY = "iPhone Developer";
				CODE_SIGN_STYLE = Automatic;
				DEVELOPMENT_TEAM = "";
				ENABLE_BITCODE = NO;
				FRAMEWORK_SEARCH_PATHS = (
					"$(inherited)",
					"$(PROJECT_DIR)/MPaaS/Frameworks",
				);
				GCC_PRECOMPILE_PREFIX_HEADER = YES;
				GCC_PREFIX_HEADER = "MPH5Demo_plugin/MPH5Demo_plugin-Prefix.pch";
				INFOPLIST_FILE = "$(SRCROOT)/MPH5Demo_plugin/Info.plist";
				LD_RUNPATH_SEARCH_PATHS = "$(inherited) @executable_path/Frameworks";
				OTHER_LDFLAGS = (
					"$(inherited)",
					"-ObjC",
					"-lz",
					"-lsqlite3",
					"-lxml2",
					"-lc++",
					"-lbz2",
				);
				PRODUCT_BUNDLE_IDENTIFIER = com.mpaas.demo;
				PRODUCT_NAME = "$(TARGET_NAME)";
				PROVISIONING_PROFILE_SPECIFIER = "";
				TARGETED_DEVICE_FAMILY = 1;
				WARNING_CFLAGS = "-Wno-objc-protocol-method-implementation";
			};
			name = Debug;
		};
		E43E7C7E21D1077E00D9E31A /* Release */ = {
			isa = XCBuildConfiguration;
			buildSettings = {
				ASSETCATALOG_COMPILER_APPICON_NAME = AppIcon;
				CODE_SIGN_ENTITLEMENTS = MPH5Demo_plugin/MPH5Demo_plugin.entitlements;
				CODE_SIGN_IDENTITY = "iPhone Developer";
				CODE_SIGN_STYLE = Automatic;
				DEVELOPMENT_TEAM = "";
				ENABLE_BITCODE = NO;
				FRAMEWORK_SEARCH_PATHS = (
					"$(inherited)",
					"$(PROJECT_DIR)/MPaaS/Frameworks",
				);
				GCC_PRECOMPILE_PREFIX_HEADER = YES;
				GCC_PREFIX_HEADER = "MPH5Demo_plugin/MPH5Demo_plugin-Prefix.pch";
				INFOPLIST_FILE = "$(SRCROOT)/MPH5Demo_plugin/Info.plist";
				LD_RUNPATH_SEARCH_PATHS = "$(inherited) @executable_path/Frameworks";
				OTHER_LDFLAGS = (
					"$(inherited)",
					"-ObjC",
					"-lz",
					"-lsqlite3",
					"-lxml2",
					"-lc++",
					"-lbz2",
				);
				PRODUCT_BUNDLE_IDENTIFIER = com.mpaas.demo;
				PRODUCT_NAME = "$(TARGET_NAME)";
				PROVISIONING_PROFILE_SPECIFIER = "";
				TARGETED_DEVICE_FAMILY = 1;
				WARNING_CFLAGS = "-Wno-objc-protocol-method-implementation";
			};
			name = Release;
		};
/* End XCBuildConfiguration section */

/* Begin XCConfigurationList section */
		E43E7C6121D1077E00D9E31A /* Build configuration list for PBXProject "MPH5Demo_plugin" */ = {
			isa = XCConfigurationList;
			buildConfigurations = (
				E43E7C7A21D1077E00D9E31A /* Debug */,
				E43E7C7B21D1077E00D9E31A /* Release */,
			);
			defaultConfigurationIsVisible = 0;
			defaultConfigurationName = Release;
		};
		E43E7C7C21D1077E00D9E31A /* Build configuration list for PBXNativeTarget "MPH5Demo_plugin" */ = {
			isa = XCConfigurationList;
			buildConfigurations = (
				E43E7C7D21D1077E00D9E31A /* Debug */,
				E43E7C7E21D1077E00D9E31A /* Release */,
			);
			defaultConfigurationIsVisible = 0;
			defaultConfigurationName = Release;
		};
/* End XCConfigurationList section */
	};
	rootObject = E43E7C5E21D1077E00D9E31A /* Project object */;
}
